<?xml version="1.0" encoding="utf-8"?>
<Project ToolsVersion="16.0" xmlns="http://schemas.microsoft.com/developer/msbuild/2003">
  <ItemGroup>
    <ClCompile Include="E:\voy\102\third\opencv\opencv-4.8.0_build_vs2019_x64\modules\stitching\CMakeFiles\opencv_stitching.dir\cmake_pch.cxx">
      <Filter>Source Files</Filter>
    </ClCompile>
    <ClCompile Include="E:\voy\102\third\opencv\opencv-4.8.0\modules\stitching\src\autocalib.cpp">
      <Filter>Src</Filter>
    </ClCompile>
    <ClCompile Include="E:\voy\102\third\opencv\opencv-4.8.0\modules\stitching\src\blenders.cpp">
      <Filter>Src</Filter>
    </ClCompile>
    <ClCompile Include="E:\voy\102\third\opencv\opencv-4.8.0\modules\stitching\src\camera.cpp">
      <Filter>Src</Filter>
    </ClCompile>
    <ClCompile Include="E:\voy\102\third\opencv\opencv-4.8.0\modules\stitching\src\exposure_compensate.cpp">
      <Filter>Src</Filter>
    </ClCompile>
    <ClCompile Include="E:\voy\102\third\opencv\opencv-4.8.0\modules\stitching\src\matchers.cpp">
      <Filter>Src</Filter>
    </ClCompile>
    <ClCompile Include="E:\voy\102\third\opencv\opencv-4.8.0\modules\stitching\src\motion_estimators.cpp">
      <Filter>Src</Filter>
    </ClCompile>
    <ClCompile Include="E:\voy\102\third\opencv\opencv-4.8.0\modules\stitching\src\seam_finders.cpp">
      <Filter>Src</Filter>
    </ClCompile>
    <ClCompile Include="E:\voy\102\third\opencv\opencv-4.8.0\modules\stitching\src\stitcher.cpp">
      <Filter>Src</Filter>
    </ClCompile>
    <ClCompile Include="E:\voy\102\third\opencv\opencv-4.8.0\modules\stitching\src\timelapsers.cpp">
      <Filter>Src</Filter>
    </ClCompile>
    <ClCompile Include="E:\voy\102\third\opencv\opencv-4.8.0\modules\stitching\src\util.cpp">
      <Filter>Src</Filter>
    </ClCompile>
    <ClCompile Include="E:\voy\102\third\opencv\opencv-4.8.0\modules\stitching\src\warpers.cpp">
      <Filter>Src</Filter>
    </ClCompile>
    <ClCompile Include="E:\voy\102\third\opencv\opencv-4.8.0\modules\stitching\src\warpers_cuda.cpp">
      <Filter>Src</Filter>
    </ClCompile>
    <ClCompile Include="E:\voy\102\third\opencv\opencv-4.8.0_build_vs2019_x64\modules\stitching\opencl_kernels_stitching.cpp">
      <Filter>Src\opencl\kernels\autogenerated</Filter>
    </ClCompile>
  </ItemGroup>
  <ItemGroup>
    <ClInclude Include="E:\voy\102\third\opencv\opencv-4.8.0\modules\stitching\include\opencv2\stitching.hpp">
      <Filter>Include\opencv2</Filter>
    </ClInclude>
    <ClInclude Include="E:\voy\102\third\opencv\opencv-4.8.0\modules\stitching\include\opencv2\stitching\detail\autocalib.hpp">
      <Filter>Include\opencv2\stitching\detail</Filter>
    </ClInclude>
    <ClInclude Include="E:\voy\102\third\opencv\opencv-4.8.0\modules\stitching\include\opencv2\stitching\detail\blenders.hpp">
      <Filter>Include\opencv2\stitching\detail</Filter>
    </ClInclude>
    <ClInclude Include="E:\voy\102\third\opencv\opencv-4.8.0\modules\stitching\include\opencv2\stitching\detail\camera.hpp">
      <Filter>Include\opencv2\stitching\detail</Filter>
    </ClInclude>
    <ClInclude Include="E:\voy\102\third\opencv\opencv-4.8.0\modules\stitching\include\opencv2\stitching\detail\exposure_compensate.hpp">
      <Filter>Include\opencv2\stitching\detail</Filter>
    </ClInclude>
    <ClInclude Include="E:\voy\102\third\opencv\opencv-4.8.0\modules\stitching\include\opencv2\stitching\detail\matchers.hpp">
      <Filter>Include\opencv2\stitching\detail</Filter>
    </ClInclude>
    <ClInclude Include="E:\voy\102\third\opencv\opencv-4.8.0\modules\stitching\include\opencv2\stitching\detail\motion_estimators.hpp">
      <Filter>Include\opencv2\stitching\detail</Filter>
    </ClInclude>
    <ClInclude Include="E:\voy\102\third\opencv\opencv-4.8.0\modules\stitching\include\opencv2\stitching\detail\seam_finders.hpp">
      <Filter>Include\opencv2\stitching\detail</Filter>
    </ClInclude>
    <ClInclude Include="E:\voy\102\third\opencv\opencv-4.8.0\modules\stitching\include\opencv2\stitching\detail\timelapsers.hpp">
      <Filter>Include\opencv2\stitching\detail</Filter>
    </ClInclude>
    <ClInclude Include="E:\voy\102\third\opencv\opencv-4.8.0\modules\stitching\include\opencv2\stitching\detail\util.hpp">
      <Filter>Include\opencv2\stitching\detail</Filter>
    </ClInclude>
    <ClInclude Include="E:\voy\102\third\opencv\opencv-4.8.0\modules\stitching\include\opencv2\stitching\detail\util_inl.hpp">
      <Filter>Include\opencv2\stitching\detail</Filter>
    </ClInclude>
    <ClInclude Include="E:\voy\102\third\opencv\opencv-4.8.0\modules\stitching\include\opencv2\stitching\detail\warpers.hpp">
      <Filter>Include\opencv2\stitching\detail</Filter>
    </ClInclude>
    <ClInclude Include="E:\voy\102\third\opencv\opencv-4.8.0\modules\stitching\include\opencv2\stitching\detail\warpers_inl.hpp">
      <Filter>Include\opencv2\stitching\detail</Filter>
    </ClInclude>
    <ClInclude Include="E:\voy\102\third\opencv\opencv-4.8.0\modules\stitching\include\opencv2\stitching\warpers.hpp">
      <Filter>Include\opencv2\stitching</Filter>
    </ClInclude>
    <ClInclude Include="E:\voy\102\third\opencv\opencv-4.8.0_build_vs2019_x64\modules\stitching\opencl_kernels_stitching.hpp">
      <Filter>Src\opencl\kernels\autogenerated</Filter>
    </ClInclude>
    <ClInclude Include="E:\voy\102\third\opencv\opencv-4.8.0\modules\stitching\src\precomp.hpp">
      <Filter>Src</Filter>
    </ClInclude>
    <ClInclude Include="E:\voy\102\third\opencv\opencv-4.8.0\modules\stitching\src\util_log.hpp">
      <Filter>Src</Filter>
    </ClInclude>
    <ClInclude Include="E:\voy\102\third\opencv\opencv-4.8.0_build_vs2019_x64\cvconfig.h">
      <Filter>Include</Filter>
    </ClInclude>
    <ClInclude Include="E:\voy\102\third\opencv\opencv-4.8.0_build_vs2019_x64\opencv2\opencv_modules.hpp">
      <Filter>Include</Filter>
    </ClInclude>
    <ClInclude Include="E:\voy\102\third\opencv\opencv-4.8.0_build_vs2019_x64\modules\stitching\CMakeFiles\opencv_stitching.dir\Debug\cmake_pch.hxx">
      <Filter>Precompile Header File</Filter>
    </ClInclude>
    <ClInclude Include="E:\voy\102\third\opencv\opencv-4.8.0_build_vs2019_x64\modules\stitching\CMakeFiles\opencv_stitching.dir\Release\cmake_pch.hxx">
      <Filter>Precompile Header File</Filter>
    </ClInclude>
  </ItemGroup>
  <ItemGroup>
    <CustomBuild Include="E:\voy\102\third\opencv\opencv-4.8.0_build_vs2019_x64\CMakeFiles\452d1d2780bd410bc4387e389481c597\opencl_kernels_stitching.cpp.rule">
      <Filter>CMake Rules</Filter>
    </CustomBuild>
    <CustomBuild Include="E:\voy\102\third\opencv\opencv-4.8.0\modules\stitching\CMakeLists.txt" />
  </ItemGroup>
  <ItemGroup>
    <None Include="E:\voy\102\third\opencv\opencv-4.8.0\modules\stitching\src\opencl\multibandblend.cl">
      <Filter>Src\opencl\kernels</Filter>
    </None>
    <None Include="E:\voy\102\third\opencv\opencv-4.8.0\modules\stitching\src\opencl\warpers.cl">
      <Filter>Src\opencl\kernels</Filter>
    </None>
  </ItemGroup>
  <ItemGroup>
    <Filter Include="CMake Rules">
      <UniqueIdentifier>{BA0DEA41-A087-3A7E-A7EC-4DF97C22C7B5}</UniqueIdentifier>
    </Filter>
    <Filter Include="Include">
      <UniqueIdentifier>{56B8FA6A-FDC6-38A6-B443-ADA22C1A1BD9}</UniqueIdentifier>
    </Filter>
    <Filter Include="Include\opencv2">
      <UniqueIdentifier>{3301C0D8-1086-3149-A6A1-C9CEBA081463}</UniqueIdentifier>
    </Filter>
    <Filter Include="Include\opencv2\stitching">
      <UniqueIdentifier>{37925938-0DFD-31A6-A402-15F2F587A47D}</UniqueIdentifier>
    </Filter>
    <Filter Include="Include\opencv2\stitching\detail">
      <UniqueIdentifier>{82C1D577-B6AA-38FD-A9DD-C4A56A9C2534}</UniqueIdentifier>
    </Filter>
    <Filter Include="Precompile Header File">
      <UniqueIdentifier>{08665AB5-23AE-3A7D-9737-6B750F92B0A0}</UniqueIdentifier>
    </Filter>
    <Filter Include="Source Files">
      <UniqueIdentifier>{DC38E083-AEF5-336F-A9F5-0C5A77177B9C}</UniqueIdentifier>
    </Filter>
    <Filter Include="Src">
      <UniqueIdentifier>{D8E81CE3-C816-35CB-8C95-AF189B4BCF82}</UniqueIdentifier>
    </Filter>
    <Filter Include="Src\opencl">
      <UniqueIdentifier>{2FC1733B-596D-3CDA-B30D-610420ECD6A0}</UniqueIdentifier>
    </Filter>
    <Filter Include="Src\opencl\kernels">
      <UniqueIdentifier>{6AE4C84A-1066-3116-BB35-39E85DFC0A31}</UniqueIdentifier>
    </Filter>
    <Filter Include="Src\opencl\kernels\autogenerated">
      <UniqueIdentifier>{5C89A270-52AE-388D-B9BD-A1BA5DE372AB}</UniqueIdentifier>
    </Filter>
  </ItemGroup>
</Project>
