
Microsoft Visual Studio Solution File, Format Version 12.00
# Visual Studio Version 16
VisualStudioVersion = 16.0.33920.266
MinimumVisualStudioVersion = 10.0.40219.1
Project("{8BC9CEB8-8B4A-11D0-8D11-00A0C91BC942}") = "cutout", "cutout\cutout.vcxproj", "{28C312D3-889B-4A99-BA5C-08FEF3BB3E99}"
EndProject
Global
	GlobalSection(SolutionConfigurationPlatforms) = preSolution
		Debug|x64 = Debug|x64
		Release|x64 = Release|x64
	EndGlobalSection
	GlobalSection(ProjectConfigurationPlatforms) = postSolution
		{28C312D3-889B-4A99-BA5C-08FEF3BB3E99}.Debug|x64.ActiveCfg = Release|x64
		{28C312D3-889B-4A99-BA5C-08FEF3BB3E99}.Release|x64.ActiveCfg = Release|x64
		{28C312D3-889B-4A99-BA5C-08FEF3BB3E99}.Release|x64.Build.0 = Release|x64
	EndGlobalSection
	GlobalSection(SolutionProperties) = preSolution
		HideSolutionNode = FALSE
	EndGlobalSection
	GlobalSection(ExtensibilityGlobals) = postSolution
		SolutionGuid = {6BE2A596-9D0E-4C3A-AF4A-62F6572ECF21}
	EndGlobalSection
EndGlobal
