<?xml version="1.0" encoding="utf-8"?>
<Project ToolsVersion="16.0" xmlns="http://schemas.microsoft.com/developer/msbuild/2003">
  <ItemGroup>
    <ClCompile Include="E:\voy\102\third\opencv\opencv-4.8.0_build_vs2019_x64\modules\bioinspired\CMakeFiles\opencv_bioinspired.dir\cmake_pch.cxx">
      <Filter>Source Files</Filter>
    </ClCompile>
    <ClCompile Include="E:\voy\102\third\opencv\opencv_contrib-4.8.0\modules\bioinspired\src\basicretinafilter.cpp">
      <Filter>Src</Filter>
    </ClCompile>
    <ClCompile Include="E:\voy\102\third\opencv\opencv_contrib-4.8.0\modules\bioinspired\src\imagelogpolprojection.cpp">
      <Filter>Src</Filter>
    </ClCompile>
    <ClCompile Include="E:\voy\102\third\opencv\opencv_contrib-4.8.0\modules\bioinspired\src\magnoretinafilter.cpp">
      <Filter>Src</Filter>
    </ClCompile>
    <ClCompile Include="E:\voy\102\third\opencv\opencv_contrib-4.8.0\modules\bioinspired\src\parvoretinafilter.cpp">
      <Filter>Src</Filter>
    </ClCompile>
    <ClCompile Include="E:\voy\102\third\opencv\opencv_contrib-4.8.0\modules\bioinspired\src\retina.cpp">
      <Filter>Src</Filter>
    </ClCompile>
    <ClCompile Include="E:\voy\102\third\opencv\opencv_contrib-4.8.0\modules\bioinspired\src\retina_ocl.cpp">
      <Filter>Src</Filter>
    </ClCompile>
    <ClCompile Include="E:\voy\102\third\opencv\opencv_contrib-4.8.0\modules\bioinspired\src\retinacolor.cpp">
      <Filter>Src</Filter>
    </ClCompile>
    <ClCompile Include="E:\voy\102\third\opencv\opencv_contrib-4.8.0\modules\bioinspired\src\retinafasttonemapping.cpp">
      <Filter>Src</Filter>
    </ClCompile>
    <ClCompile Include="E:\voy\102\third\opencv\opencv_contrib-4.8.0\modules\bioinspired\src\retinafilter.cpp">
      <Filter>Src</Filter>
    </ClCompile>
    <ClCompile Include="E:\voy\102\third\opencv\opencv_contrib-4.8.0\modules\bioinspired\src\transientareassegmentationmodule.cpp">
      <Filter>Src</Filter>
    </ClCompile>
    <ClCompile Include="E:\voy\102\third\opencv\opencv-4.8.0_build_vs2019_x64\modules\bioinspired\opencl_kernels_bioinspired.cpp">
      <Filter>Src\opencl\kernels\autogenerated</Filter>
    </ClCompile>
  </ItemGroup>
  <ItemGroup>
    <ClInclude Include="E:\voy\102\third\opencv\opencv_contrib-4.8.0\modules\bioinspired\include\opencv2\bioinspired.hpp">
      <Filter>Include\opencv2</Filter>
    </ClInclude>
    <ClInclude Include="E:\voy\102\third\opencv\opencv_contrib-4.8.0\modules\bioinspired\include\opencv2\bioinspired\bioinspired.hpp">
      <Filter>Include\opencv2\bioinspired</Filter>
    </ClInclude>
    <ClInclude Include="E:\voy\102\third\opencv\opencv_contrib-4.8.0\modules\bioinspired\include\opencv2\bioinspired\retina.hpp">
      <Filter>Include\opencv2\bioinspired</Filter>
    </ClInclude>
    <ClInclude Include="E:\voy\102\third\opencv\opencv_contrib-4.8.0\modules\bioinspired\include\opencv2\bioinspired\retinafasttonemapping.hpp">
      <Filter>Include\opencv2\bioinspired</Filter>
    </ClInclude>
    <ClInclude Include="E:\voy\102\third\opencv\opencv_contrib-4.8.0\modules\bioinspired\include\opencv2\bioinspired\transientareassegmentationmodule.hpp">
      <Filter>Include\opencv2\bioinspired</Filter>
    </ClInclude>
    <ClInclude Include="E:\voy\102\third\opencv\opencv-4.8.0_build_vs2019_x64\modules\bioinspired\opencl_kernels_bioinspired.hpp">
      <Filter>Src\opencl\kernels\autogenerated</Filter>
    </ClInclude>
    <ClInclude Include="E:\voy\102\third\opencv\opencv_contrib-4.8.0\modules\bioinspired\src\basicretinafilter.hpp">
      <Filter>Src</Filter>
    </ClInclude>
    <ClInclude Include="E:\voy\102\third\opencv\opencv_contrib-4.8.0\modules\bioinspired\src\imagelogpolprojection.hpp">
      <Filter>Src</Filter>
    </ClInclude>
    <ClInclude Include="E:\voy\102\third\opencv\opencv_contrib-4.8.0\modules\bioinspired\src\magnoretinafilter.hpp">
      <Filter>Src</Filter>
    </ClInclude>
    <ClInclude Include="E:\voy\102\third\opencv\opencv_contrib-4.8.0\modules\bioinspired\src\parvoretinafilter.hpp">
      <Filter>Src</Filter>
    </ClInclude>
    <ClInclude Include="E:\voy\102\third\opencv\opencv_contrib-4.8.0\modules\bioinspired\src\precomp.hpp">
      <Filter>Src</Filter>
    </ClInclude>
    <ClInclude Include="E:\voy\102\third\opencv\opencv_contrib-4.8.0\modules\bioinspired\src\retina_ocl.hpp">
      <Filter>Src</Filter>
    </ClInclude>
    <ClInclude Include="E:\voy\102\third\opencv\opencv_contrib-4.8.0\modules\bioinspired\src\retinacolor.hpp">
      <Filter>Src</Filter>
    </ClInclude>
    <ClInclude Include="E:\voy\102\third\opencv\opencv_contrib-4.8.0\modules\bioinspired\src\retinafilter.hpp">
      <Filter>Src</Filter>
    </ClInclude>
    <ClInclude Include="E:\voy\102\third\opencv\opencv_contrib-4.8.0\modules\bioinspired\src\templatebuffer.hpp">
      <Filter>Src</Filter>
    </ClInclude>
    <ClInclude Include="E:\voy\102\third\opencv\opencv-4.8.0_build_vs2019_x64\cvconfig.h">
      <Filter>Include</Filter>
    </ClInclude>
    <ClInclude Include="E:\voy\102\third\opencv\opencv-4.8.0_build_vs2019_x64\opencv2\opencv_modules.hpp">
      <Filter>Include</Filter>
    </ClInclude>
    <ClInclude Include="E:\voy\102\third\opencv\opencv-4.8.0_build_vs2019_x64\modules\bioinspired\CMakeFiles\opencv_bioinspired.dir\Debug\cmake_pch.hxx">
      <Filter>Precompile Header File</Filter>
    </ClInclude>
    <ClInclude Include="E:\voy\102\third\opencv\opencv-4.8.0_build_vs2019_x64\modules\bioinspired\CMakeFiles\opencv_bioinspired.dir\Release\cmake_pch.hxx">
      <Filter>Precompile Header File</Filter>
    </ClInclude>
  </ItemGroup>
  <ItemGroup>
    <CustomBuild Include="E:\voy\102\third\opencv\opencv-4.8.0_build_vs2019_x64\CMakeFiles\ee0a9898a6444c7d690cd0e302df3b84\opencl_kernels_bioinspired.cpp.rule">
      <Filter>CMake Rules</Filter>
    </CustomBuild>
    <CustomBuild Include="E:\voy\102\third\opencv\opencv_contrib-4.8.0\modules\bioinspired\CMakeLists.txt" />
  </ItemGroup>
  <ItemGroup>
    <None Include="E:\voy\102\third\opencv\opencv_contrib-4.8.0\modules\bioinspired\src\opencl\retina_kernel.cl">
      <Filter>Src\opencl\kernels</Filter>
    </None>
  </ItemGroup>
  <ItemGroup>
    <Filter Include="CMake Rules">
      <UniqueIdentifier>{BA0DEA41-A087-3A7E-A7EC-4DF97C22C7B5}</UniqueIdentifier>
    </Filter>
    <Filter Include="Include">
      <UniqueIdentifier>{56B8FA6A-FDC6-38A6-B443-ADA22C1A1BD9}</UniqueIdentifier>
    </Filter>
    <Filter Include="Include\opencv2">
      <UniqueIdentifier>{3301C0D8-1086-3149-A6A1-C9CEBA081463}</UniqueIdentifier>
    </Filter>
    <Filter Include="Include\opencv2\bioinspired">
      <UniqueIdentifier>{20DE4E22-2762-31FA-AFAC-634938102748}</UniqueIdentifier>
    </Filter>
    <Filter Include="Precompile Header File">
      <UniqueIdentifier>{08665AB5-23AE-3A7D-9737-6B750F92B0A0}</UniqueIdentifier>
    </Filter>
    <Filter Include="Source Files">
      <UniqueIdentifier>{DC38E083-AEF5-336F-A9F5-0C5A77177B9C}</UniqueIdentifier>
    </Filter>
    <Filter Include="Src">
      <UniqueIdentifier>{D8E81CE3-C816-35CB-8C95-AF189B4BCF82}</UniqueIdentifier>
    </Filter>
    <Filter Include="Src\opencl">
      <UniqueIdentifier>{2FC1733B-596D-3CDA-B30D-610420ECD6A0}</UniqueIdentifier>
    </Filter>
    <Filter Include="Src\opencl\kernels">
      <UniqueIdentifier>{6AE4C84A-1066-3116-BB35-39E85DFC0A31}</UniqueIdentifier>
    </Filter>
    <Filter Include="Src\opencl\kernels\autogenerated">
      <UniqueIdentifier>{5C89A270-52AE-388D-B9BD-A1BA5DE372AB}</UniqueIdentifier>
    </Filter>
  </ItemGroup>
</Project>
