<?xml version="1.0" encoding="utf-8"?>
<Project ToolsVersion="16.0" xmlns="http://schemas.microsoft.com/developer/msbuild/2003">
  <ItemGroup>
    <ClCompile Include="E:\voy\102\third\opencv\opencv-4.8.0_build_vs2019_x64\modules\photo\CMakeFiles\opencv_photo.dir\cmake_pch.cxx">
      <Filter>Source Files</Filter>
    </ClCompile>
    <ClCompile Include="E:\voy\102\third\opencv\opencv-4.8.0\modules\photo\src\align.cpp">
      <Filter>Src</Filter>
    </ClCompile>
    <ClCompile Include="E:\voy\102\third\opencv\opencv-4.8.0\modules\photo\src\calibrate.cpp">
      <Filter>Src</Filter>
    </ClCompile>
    <ClCompile Include="E:\voy\102\third\opencv\opencv-4.8.0\modules\photo\src\contrast_preserve.cpp">
      <Filter>Src</Filter>
    </ClCompile>
    <ClCompile Include="E:\voy\102\third\opencv\opencv-4.8.0\modules\photo\src\denoise_tvl1.cpp">
      <Filter>Src</Filter>
    </ClCompile>
    <ClCompile Include="E:\voy\102\third\opencv\opencv-4.8.0\modules\photo\src\denoising.cpp">
      <Filter>Src</Filter>
    </ClCompile>
    <ClCompile Include="E:\voy\102\third\opencv\opencv-4.8.0\modules\photo\src\denoising.cuda.cpp">
      <Filter>Src</Filter>
    </ClCompile>
    <ClCompile Include="E:\voy\102\third\opencv\opencv-4.8.0\modules\photo\src\hdr_common.cpp">
      <Filter>Src</Filter>
    </ClCompile>
    <ClCompile Include="E:\voy\102\third\opencv\opencv-4.8.0\modules\photo\src\inpaint.cpp">
      <Filter>Src</Filter>
    </ClCompile>
    <ClCompile Include="E:\voy\102\third\opencv\opencv-4.8.0\modules\photo\src\merge.cpp">
      <Filter>Src</Filter>
    </ClCompile>
    <ClCompile Include="E:\voy\102\third\opencv\opencv-4.8.0\modules\photo\src\npr.cpp">
      <Filter>Src</Filter>
    </ClCompile>
    <ClCompile Include="E:\voy\102\third\opencv\opencv-4.8.0\modules\photo\src\seamless_cloning.cpp">
      <Filter>Src</Filter>
    </ClCompile>
    <ClCompile Include="E:\voy\102\third\opencv\opencv-4.8.0\modules\photo\src\seamless_cloning_impl.cpp">
      <Filter>Src</Filter>
    </ClCompile>
    <ClCompile Include="E:\voy\102\third\opencv\opencv-4.8.0\modules\photo\src\tonemap.cpp">
      <Filter>Src</Filter>
    </ClCompile>
    <ClCompile Include="E:\voy\102\third\opencv\opencv-4.8.0_build_vs2019_x64\modules\photo\opencl_kernels_photo.cpp">
      <Filter>Src\opencl\kernels\autogenerated</Filter>
    </ClCompile>
  </ItemGroup>
  <ItemGroup>
    <ClInclude Include="E:\voy\102\third\opencv\opencv-4.8.0\modules\photo\include\opencv2\photo.hpp">
      <Filter>Include\opencv2</Filter>
    </ClInclude>
    <ClInclude Include="E:\voy\102\third\opencv\opencv-4.8.0\modules\photo\include\opencv2\photo\cuda.hpp">
      <Filter>Include\opencv2\photo</Filter>
    </ClInclude>
    <ClInclude Include="E:\voy\102\third\opencv\opencv-4.8.0\modules\photo\include\opencv2\photo\legacy\constants_c.h">
      <Filter>Include\opencv2\photo\legacy</Filter>
    </ClInclude>
    <ClInclude Include="E:\voy\102\third\opencv\opencv-4.8.0\modules\photo\include\opencv2\photo\photo.hpp">
      <Filter>Include\opencv2\photo</Filter>
    </ClInclude>
    <ClInclude Include="E:\voy\102\third\opencv\opencv-4.8.0_build_vs2019_x64\modules\photo\opencl_kernels_photo.hpp">
      <Filter>Src\opencl\kernels\autogenerated</Filter>
    </ClInclude>
    <ClInclude Include="E:\voy\102\third\opencv\opencv-4.8.0\modules\photo\src\arrays.hpp">
      <Filter>Src</Filter>
    </ClInclude>
    <ClInclude Include="E:\voy\102\third\opencv\opencv-4.8.0\modules\photo\src\contrast_preserve.hpp">
      <Filter>Src</Filter>
    </ClInclude>
    <ClInclude Include="E:\voy\102\third\opencv\opencv-4.8.0\modules\photo\src\fast_nlmeans_denoising_invoker.hpp">
      <Filter>Src</Filter>
    </ClInclude>
    <ClInclude Include="E:\voy\102\third\opencv\opencv-4.8.0\modules\photo\src\fast_nlmeans_denoising_invoker_commons.hpp">
      <Filter>Src</Filter>
    </ClInclude>
    <ClInclude Include="E:\voy\102\third\opencv\opencv-4.8.0\modules\photo\src\fast_nlmeans_denoising_opencl.hpp">
      <Filter>Src</Filter>
    </ClInclude>
    <ClInclude Include="E:\voy\102\third\opencv\opencv-4.8.0\modules\photo\src\fast_nlmeans_multi_denoising_invoker.hpp">
      <Filter>Src</Filter>
    </ClInclude>
    <ClInclude Include="E:\voy\102\third\opencv\opencv-4.8.0\modules\photo\src\hdr_common.hpp">
      <Filter>Src</Filter>
    </ClInclude>
    <ClInclude Include="E:\voy\102\third\opencv\opencv-4.8.0\modules\photo\src\npr.hpp">
      <Filter>Src</Filter>
    </ClInclude>
    <ClInclude Include="E:\voy\102\third\opencv\opencv-4.8.0\modules\photo\src\precomp.hpp">
      <Filter>Src</Filter>
    </ClInclude>
    <ClInclude Include="E:\voy\102\third\opencv\opencv-4.8.0\modules\photo\src\seamless_cloning.hpp">
      <Filter>Src</Filter>
    </ClInclude>
    <ClInclude Include="E:\voy\102\third\opencv\opencv-4.8.0_build_vs2019_x64\cvconfig.h">
      <Filter>Include</Filter>
    </ClInclude>
    <ClInclude Include="E:\voy\102\third\opencv\opencv-4.8.0_build_vs2019_x64\opencv2\opencv_modules.hpp">
      <Filter>Include</Filter>
    </ClInclude>
    <ClInclude Include="E:\voy\102\third\opencv\opencv-4.8.0_build_vs2019_x64\modules\photo\CMakeFiles\opencv_photo.dir\Debug\cmake_pch.hxx">
      <Filter>Precompile Header File</Filter>
    </ClInclude>
    <ClInclude Include="E:\voy\102\third\opencv\opencv-4.8.0_build_vs2019_x64\modules\photo\CMakeFiles\opencv_photo.dir\Release\cmake_pch.hxx">
      <Filter>Precompile Header File</Filter>
    </ClInclude>
  </ItemGroup>
  <ItemGroup>
    <CustomBuild Include="E:\voy\102\third\opencv\opencv-4.8.0_build_vs2019_x64\CMakeFiles\69131bd9164432064786161aea3429ce\opencl_kernels_photo.cpp.rule">
      <Filter>CMake Rules</Filter>
    </CustomBuild>
    <CustomBuild Include="E:\voy\102\third\opencv\opencv-4.8.0\modules\photo\CMakeLists.txt" />
  </ItemGroup>
  <ItemGroup>
    <None Include="E:\voy\102\third\opencv\opencv-4.8.0\modules\photo\src\opencl\nlmeans.cl">
      <Filter>Src\opencl\kernels</Filter>
    </None>
  </ItemGroup>
  <ItemGroup>
    <Filter Include="CMake Rules">
      <UniqueIdentifier>{BA0DEA41-A087-3A7E-A7EC-4DF97C22C7B5}</UniqueIdentifier>
    </Filter>
    <Filter Include="Include">
      <UniqueIdentifier>{56B8FA6A-FDC6-38A6-B443-ADA22C1A1BD9}</UniqueIdentifier>
    </Filter>
    <Filter Include="Include\opencv2">
      <UniqueIdentifier>{3301C0D8-1086-3149-A6A1-C9CEBA081463}</UniqueIdentifier>
    </Filter>
    <Filter Include="Include\opencv2\photo">
      <UniqueIdentifier>{E24DBBD5-BF3B-33B3-AD02-DED008894623}</UniqueIdentifier>
    </Filter>
    <Filter Include="Include\opencv2\photo\legacy">
      <UniqueIdentifier>{7A8F428E-6387-38DF-B343-C6640F56D15D}</UniqueIdentifier>
    </Filter>
    <Filter Include="Precompile Header File">
      <UniqueIdentifier>{08665AB5-23AE-3A7D-9737-6B750F92B0A0}</UniqueIdentifier>
    </Filter>
    <Filter Include="Source Files">
      <UniqueIdentifier>{DC38E083-AEF5-336F-A9F5-0C5A77177B9C}</UniqueIdentifier>
    </Filter>
    <Filter Include="Src">
      <UniqueIdentifier>{D8E81CE3-C816-35CB-8C95-AF189B4BCF82}</UniqueIdentifier>
    </Filter>
    <Filter Include="Src\opencl">
      <UniqueIdentifier>{2FC1733B-596D-3CDA-B30D-610420ECD6A0}</UniqueIdentifier>
    </Filter>
    <Filter Include="Src\opencl\kernels">
      <UniqueIdentifier>{6AE4C84A-1066-3116-BB35-39E85DFC0A31}</UniqueIdentifier>
    </Filter>
    <Filter Include="Src\opencl\kernels\autogenerated">
      <UniqueIdentifier>{5C89A270-52AE-388D-B9BD-A1BA5DE372AB}</UniqueIdentifier>
    </Filter>
  </ItemGroup>
</Project>
