<?xml version="1.0" encoding="utf-8"?>
<Project ToolsVersion="16.0" xmlns="http://schemas.microsoft.com/developer/msbuild/2003">
  <ItemGroup>
    <CustomBuild Include="E:\voy\102\third\opencv\opencv-4.8.0_build_vs2019_x64\CMakeFiles\4301243cc997d99cd3d8747bf091101f\PACKAGE_force.rule">
      <Filter>CMake Rules</Filter>
    </CustomBuild>
  </ItemGroup>
  <ItemGroup>
    <Filter Include="CMake Rules">
      <UniqueIdentifier>{BA0DEA41-A087-3A7E-A7EC-4DF97C22C7B5}</UniqueIdentifier>
    </Filter>
  </ItemGroup>
</Project>
