<?xml version="1.0" encoding="utf-8"?>
<Project ToolsVersion="16.0" xmlns="http://schemas.microsoft.com/developer/msbuild/2003">
  <ItemGroup>
    <ClCompile Include="E:\voy\102\third\opencv\opencv-4.8.0_build_vs2019_x64\modules\objdetect\CMakeFiles\opencv_objdetect.dir\cmake_pch.cxx">
      <Filter>Source Files</Filter>
    </ClCompile>
    <ClCompile Include="E:\voy\102\third\opencv\opencv-4.8.0\modules\objdetect\src\aruco\apriltag\apriltag_quad_thresh.cpp">
      <Filter>Src\aruco\apriltag</Filter>
    </ClCompile>
    <ClCompile Include="E:\voy\102\third\opencv\opencv-4.8.0\modules\objdetect\src\aruco\apriltag\zmaxheap.cpp">
      <Filter>Src\aruco\apriltag</Filter>
    </ClCompile>
    <ClCompile Include="E:\voy\102\third\opencv\opencv-4.8.0\modules\objdetect\src\aruco\aruco_board.cpp">
      <Filter>Src\aruco</Filter>
    </ClCompile>
    <ClCompile Include="E:\voy\102\third\opencv\opencv-4.8.0\modules\objdetect\src\aruco\aruco_detector.cpp">
      <Filter>Src\aruco</Filter>
    </ClCompile>
    <ClCompile Include="E:\voy\102\third\opencv\opencv-4.8.0\modules\objdetect\src\aruco\aruco_dictionary.cpp">
      <Filter>Src\aruco</Filter>
    </ClCompile>
    <ClCompile Include="E:\voy\102\third\opencv\opencv-4.8.0\modules\objdetect\src\aruco\aruco_utils.cpp">
      <Filter>Src\aruco</Filter>
    </ClCompile>
    <ClCompile Include="E:\voy\102\third\opencv\opencv-4.8.0\modules\objdetect\src\aruco\charuco_detector.cpp">
      <Filter>Src\aruco</Filter>
    </ClCompile>
    <ClCompile Include="E:\voy\102\third\opencv\opencv-4.8.0\modules\objdetect\src\barcode.cpp">
      <Filter>Src</Filter>
    </ClCompile>
    <ClCompile Include="E:\voy\102\third\opencv\opencv-4.8.0\modules\objdetect\src\barcode_decoder\abs_decoder.cpp">
      <Filter>Src\barcode_decoder</Filter>
    </ClCompile>
    <ClCompile Include="E:\voy\102\third\opencv\opencv-4.8.0\modules\objdetect\src\barcode_decoder\common\hybrid_binarizer.cpp">
      <Filter>Src\barcode_decoder\common</Filter>
    </ClCompile>
    <ClCompile Include="E:\voy\102\third\opencv\opencv-4.8.0\modules\objdetect\src\barcode_decoder\common\super_scale.cpp">
      <Filter>Src\barcode_decoder\common</Filter>
    </ClCompile>
    <ClCompile Include="E:\voy\102\third\opencv\opencv-4.8.0\modules\objdetect\src\barcode_decoder\common\utils.cpp">
      <Filter>Src\barcode_decoder\common</Filter>
    </ClCompile>
    <ClCompile Include="E:\voy\102\third\opencv\opencv-4.8.0\modules\objdetect\src\barcode_decoder\ean13_decoder.cpp">
      <Filter>Src\barcode_decoder</Filter>
    </ClCompile>
    <ClCompile Include="E:\voy\102\third\opencv\opencv-4.8.0\modules\objdetect\src\barcode_decoder\ean8_decoder.cpp">
      <Filter>Src\barcode_decoder</Filter>
    </ClCompile>
    <ClCompile Include="E:\voy\102\third\opencv\opencv-4.8.0\modules\objdetect\src\barcode_decoder\upcean_decoder.cpp">
      <Filter>Src\barcode_decoder</Filter>
    </ClCompile>
    <ClCompile Include="E:\voy\102\third\opencv\opencv-4.8.0\modules\objdetect\src\barcode_detector\bardetect.cpp">
      <Filter>Src\barcode_detector</Filter>
    </ClCompile>
    <ClCompile Include="E:\voy\102\third\opencv\opencv-4.8.0\modules\objdetect\src\cascadedetect.cpp">
      <Filter>Src</Filter>
    </ClCompile>
    <ClCompile Include="E:\voy\102\third\opencv\opencv-4.8.0\modules\objdetect\src\cascadedetect_convert.cpp">
      <Filter>Src</Filter>
    </ClCompile>
    <ClCompile Include="E:\voy\102\third\opencv\opencv-4.8.0\modules\objdetect\src\detection_based_tracker.cpp">
      <Filter>Src</Filter>
    </ClCompile>
    <ClCompile Include="E:\voy\102\third\opencv\opencv-4.8.0\modules\objdetect\src\face_detect.cpp">
      <Filter>Src</Filter>
    </ClCompile>
    <ClCompile Include="E:\voy\102\third\opencv\opencv-4.8.0\modules\objdetect\src\face_recognize.cpp">
      <Filter>Src</Filter>
    </ClCompile>
    <ClCompile Include="E:\voy\102\third\opencv\opencv-4.8.0\modules\objdetect\src\graphical_code_detector.cpp">
      <Filter>Src</Filter>
    </ClCompile>
    <ClCompile Include="E:\voy\102\third\opencv\opencv-4.8.0\modules\objdetect\src\hog.cpp">
      <Filter>Src</Filter>
    </ClCompile>
    <ClCompile Include="E:\voy\102\third\opencv\opencv-4.8.0\modules\objdetect\src\main.cpp">
      <Filter>Src</Filter>
    </ClCompile>
    <ClCompile Include="E:\voy\102\third\opencv\opencv-4.8.0\modules\objdetect\src\qrcode.cpp">
      <Filter>Src</Filter>
    </ClCompile>
    <ClCompile Include="E:\voy\102\third\opencv\opencv-4.8.0\modules\objdetect\src\qrcode_encoder.cpp">
      <Filter>Src</Filter>
    </ClCompile>
    <ClCompile Include="E:\voy\102\third\opencv\opencv-4.8.0_build_vs2019_x64\modules\objdetect\opencl_kernels_objdetect.cpp">
      <Filter>Src\opencl\kernels\autogenerated</Filter>
    </ClCompile>
  </ItemGroup>
  <ItemGroup>
    <ClInclude Include="E:\voy\102\third\opencv\opencv-4.8.0\modules\objdetect\include\opencv2\objdetect.hpp">
      <Filter>Include\opencv2</Filter>
    </ClInclude>
    <ClInclude Include="E:\voy\102\third\opencv\opencv-4.8.0\modules\objdetect\include\opencv2\objdetect\aruco_board.hpp">
      <Filter>Include\opencv2\objdetect</Filter>
    </ClInclude>
    <ClInclude Include="E:\voy\102\third\opencv\opencv-4.8.0\modules\objdetect\include\opencv2\objdetect\aruco_detector.hpp">
      <Filter>Include\opencv2\objdetect</Filter>
    </ClInclude>
    <ClInclude Include="E:\voy\102\third\opencv\opencv-4.8.0\modules\objdetect\include\opencv2\objdetect\aruco_dictionary.hpp">
      <Filter>Include\opencv2\objdetect</Filter>
    </ClInclude>
    <ClInclude Include="E:\voy\102\third\opencv\opencv-4.8.0\modules\objdetect\include\opencv2\objdetect\barcode.hpp">
      <Filter>Include\opencv2\objdetect</Filter>
    </ClInclude>
    <ClInclude Include="E:\voy\102\third\opencv\opencv-4.8.0\modules\objdetect\include\opencv2\objdetect\charuco_detector.hpp">
      <Filter>Include\opencv2\objdetect</Filter>
    </ClInclude>
    <ClInclude Include="E:\voy\102\third\opencv\opencv-4.8.0\modules\objdetect\include\opencv2\objdetect\detection_based_tracker.hpp">
      <Filter>Include\opencv2\objdetect</Filter>
    </ClInclude>
    <ClInclude Include="E:\voy\102\third\opencv\opencv-4.8.0\modules\objdetect\include\opencv2\objdetect\face.hpp">
      <Filter>Include\opencv2\objdetect</Filter>
    </ClInclude>
    <ClInclude Include="E:\voy\102\third\opencv\opencv-4.8.0\modules\objdetect\include\opencv2\objdetect\graphical_code_detector.hpp">
      <Filter>Include\opencv2\objdetect</Filter>
    </ClInclude>
    <ClInclude Include="E:\voy\102\third\opencv\opencv-4.8.0\modules\objdetect\include\opencv2\objdetect\objdetect.hpp">
      <Filter>Include\opencv2\objdetect</Filter>
    </ClInclude>
    <ClInclude Include="E:\voy\102\third\opencv\opencv-4.8.0_build_vs2019_x64\modules\objdetect\opencl_kernels_objdetect.hpp">
      <Filter>Src\opencl\kernels\autogenerated</Filter>
    </ClInclude>
    <ClInclude Include="E:\voy\102\third\opencv\opencv-4.8.0\modules\objdetect\src\aruco\apriltag\apriltag_quad_thresh.hpp">
      <Filter>Src\aruco\apriltag</Filter>
    </ClInclude>
    <ClInclude Include="E:\voy\102\third\opencv\opencv-4.8.0\modules\objdetect\src\aruco\apriltag\predefined_dictionaries_apriltag.hpp">
      <Filter>Src\aruco\apriltag</Filter>
    </ClInclude>
    <ClInclude Include="E:\voy\102\third\opencv\opencv-4.8.0\modules\objdetect\src\aruco\apriltag\unionfind.hpp">
      <Filter>Src\aruco\apriltag</Filter>
    </ClInclude>
    <ClInclude Include="E:\voy\102\third\opencv\opencv-4.8.0\modules\objdetect\src\aruco\apriltag\zarray.hpp">
      <Filter>Src\aruco\apriltag</Filter>
    </ClInclude>
    <ClInclude Include="E:\voy\102\third\opencv\opencv-4.8.0\modules\objdetect\src\aruco\apriltag\zmaxheap.hpp">
      <Filter>Src\aruco\apriltag</Filter>
    </ClInclude>
    <ClInclude Include="E:\voy\102\third\opencv\opencv-4.8.0\modules\objdetect\src\aruco\aruco_utils.hpp">
      <Filter>Src\aruco</Filter>
    </ClInclude>
    <ClInclude Include="E:\voy\102\third\opencv\opencv-4.8.0\modules\objdetect\src\aruco\predefined_dictionaries.hpp">
      <Filter>Src\aruco</Filter>
    </ClInclude>
    <ClInclude Include="E:\voy\102\third\opencv\opencv-4.8.0\modules\objdetect\src\barcode_decoder\abs_decoder.hpp">
      <Filter>Src\barcode_decoder</Filter>
    </ClInclude>
    <ClInclude Include="E:\voy\102\third\opencv\opencv-4.8.0\modules\objdetect\src\barcode_decoder\common\hybrid_binarizer.hpp">
      <Filter>Src\barcode_decoder\common</Filter>
    </ClInclude>
    <ClInclude Include="E:\voy\102\third\opencv\opencv-4.8.0\modules\objdetect\src\barcode_decoder\common\super_scale.hpp">
      <Filter>Src\barcode_decoder\common</Filter>
    </ClInclude>
    <ClInclude Include="E:\voy\102\third\opencv\opencv-4.8.0\modules\objdetect\src\barcode_decoder\common\utils.hpp">
      <Filter>Src\barcode_decoder\common</Filter>
    </ClInclude>
    <ClInclude Include="E:\voy\102\third\opencv\opencv-4.8.0\modules\objdetect\src\barcode_decoder\ean13_decoder.hpp">
      <Filter>Src\barcode_decoder</Filter>
    </ClInclude>
    <ClInclude Include="E:\voy\102\third\opencv\opencv-4.8.0\modules\objdetect\src\barcode_decoder\ean8_decoder.hpp">
      <Filter>Src\barcode_decoder</Filter>
    </ClInclude>
    <ClInclude Include="E:\voy\102\third\opencv\opencv-4.8.0\modules\objdetect\src\barcode_decoder\upcean_decoder.hpp">
      <Filter>Src\barcode_decoder</Filter>
    </ClInclude>
    <ClInclude Include="E:\voy\102\third\opencv\opencv-4.8.0\modules\objdetect\src\barcode_detector\bardetect.hpp">
      <Filter>Src\barcode_detector</Filter>
    </ClInclude>
    <ClInclude Include="E:\voy\102\third\opencv\opencv-4.8.0\modules\objdetect\src\cascadedetect.hpp">
      <Filter>Src</Filter>
    </ClInclude>
    <ClInclude Include="E:\voy\102\third\opencv\opencv-4.8.0\modules\objdetect\src\graphical_code_detector_impl.hpp">
      <Filter>Src</Filter>
    </ClInclude>
    <ClInclude Include="E:\voy\102\third\opencv\opencv-4.8.0\modules\objdetect\src\precomp.hpp">
      <Filter>Src</Filter>
    </ClInclude>
    <ClInclude Include="E:\voy\102\third\opencv\opencv-4.8.0\modules\objdetect\src\qrcode_encoder_table.inl.hpp">
      <Filter>Src</Filter>
    </ClInclude>
    <ClInclude Include="E:\voy\102\third\opencv\opencv-4.8.0_build_vs2019_x64\cvconfig.h">
      <Filter>Include</Filter>
    </ClInclude>
    <ClInclude Include="E:\voy\102\third\opencv\opencv-4.8.0_build_vs2019_x64\opencv2\opencv_modules.hpp">
      <Filter>Include</Filter>
    </ClInclude>
    <ClInclude Include="E:\voy\102\third\opencv\opencv-4.8.0_build_vs2019_x64\modules\objdetect\CMakeFiles\opencv_objdetect.dir\Debug\cmake_pch.hxx">
      <Filter>Precompile Header File</Filter>
    </ClInclude>
    <ClInclude Include="E:\voy\102\third\opencv\opencv-4.8.0_build_vs2019_x64\modules\objdetect\CMakeFiles\opencv_objdetect.dir\Release\cmake_pch.hxx">
      <Filter>Precompile Header File</Filter>
    </ClInclude>
  </ItemGroup>
  <ItemGroup>
    <CustomBuild Include="E:\voy\102\third\opencv\opencv-4.8.0_build_vs2019_x64\CMakeFiles\173bcaff3d82ff9e09c713cdba088fe8\opencl_kernels_objdetect.cpp.rule">
      <Filter>CMake Rules</Filter>
    </CustomBuild>
    <CustomBuild Include="E:\voy\102\third\opencv\opencv-4.8.0\modules\objdetect\CMakeLists.txt" />
  </ItemGroup>
  <ItemGroup>
    <None Include="E:\voy\102\third\opencv\opencv-4.8.0\modules\objdetect\src\opencl\cascadedetect.cl">
      <Filter>Src\opencl\kernels</Filter>
    </None>
    <None Include="E:\voy\102\third\opencv\opencv-4.8.0\modules\objdetect\src\opencl\objdetect_hog.cl">
      <Filter>Src\opencl\kernels</Filter>
    </None>
  </ItemGroup>
  <ItemGroup>
    <Filter Include="CMake Rules">
      <UniqueIdentifier>{BA0DEA41-A087-3A7E-A7EC-4DF97C22C7B5}</UniqueIdentifier>
    </Filter>
    <Filter Include="Include">
      <UniqueIdentifier>{56B8FA6A-FDC6-38A6-B443-ADA22C1A1BD9}</UniqueIdentifier>
    </Filter>
    <Filter Include="Include\opencv2">
      <UniqueIdentifier>{3301C0D8-1086-3149-A6A1-C9CEBA081463}</UniqueIdentifier>
    </Filter>
    <Filter Include="Include\opencv2\objdetect">
      <UniqueIdentifier>{48039186-77DC-3FAF-85D7-E30DB5451CB2}</UniqueIdentifier>
    </Filter>
    <Filter Include="Precompile Header File">
      <UniqueIdentifier>{08665AB5-23AE-3A7D-9737-6B750F92B0A0}</UniqueIdentifier>
    </Filter>
    <Filter Include="Source Files">
      <UniqueIdentifier>{DC38E083-AEF5-336F-A9F5-0C5A77177B9C}</UniqueIdentifier>
    </Filter>
    <Filter Include="Src">
      <UniqueIdentifier>{D8E81CE3-C816-35CB-8C95-AF189B4BCF82}</UniqueIdentifier>
    </Filter>
    <Filter Include="Src\aruco">
      <UniqueIdentifier>{1703D94B-30AF-3579-9C84-37D601541E33}</UniqueIdentifier>
    </Filter>
    <Filter Include="Src\aruco\apriltag">
      <UniqueIdentifier>{FE7EDEB7-F8F8-30C8-9532-4605E2189204}</UniqueIdentifier>
    </Filter>
    <Filter Include="Src\barcode_decoder">
      <UniqueIdentifier>{D7D2DE39-806A-3EEC-B02F-9FE0F4F1CAE8}</UniqueIdentifier>
    </Filter>
    <Filter Include="Src\barcode_decoder\common">
      <UniqueIdentifier>{4619720F-7AE8-37D0-8DA2-60338A30C1E0}</UniqueIdentifier>
    </Filter>
    <Filter Include="Src\barcode_detector">
      <UniqueIdentifier>{A18A04CA-639F-37BF-8905-62B7FEB71C1B}</UniqueIdentifier>
    </Filter>
    <Filter Include="Src\opencl">
      <UniqueIdentifier>{2FC1733B-596D-3CDA-B30D-610420ECD6A0}</UniqueIdentifier>
    </Filter>
    <Filter Include="Src\opencl\kernels">
      <UniqueIdentifier>{6AE4C84A-1066-3116-BB35-39E85DFC0A31}</UniqueIdentifier>
    </Filter>
    <Filter Include="Src\opencl\kernels\autogenerated">
      <UniqueIdentifier>{5C89A270-52AE-388D-B9BD-A1BA5DE372AB}</UniqueIdentifier>
    </Filter>
  </ItemGroup>
</Project>
