
Microsoft Visual Studio Solution File, Format Version 12.00
# Visual Studio Version 16
Project("{8BC9CEB8-8B4A-11D0-8D11-00A0C91BC942}") = "ALL_BUILD", "ALL_BUILD.vcxproj", "{0256C65C-DDF9-3162-87B2-A38EC4A2A502}"
	ProjectSection(ProjectDependencies) = postProject
		{1B7F0E4A-5843-3E62-9B32-74DE738DE7AB} = {1B7F0E4A-5843-3E62-9B32-74DE738DE7AB}
		{07BB2B4E-1FB6-3CF6-982B-1EB3E2F4FDF2} = {07BB2B4E-1FB6-3CF6-982B-1EB3E2F4FDF2}
	EndProjectSection
EndProject
Project("{8BC9CEB8-8B4A-11D0-8D11-00A0C91BC942}") = "INSTALL", "INSTALL.vcxproj", "{5281FA09-D5DD-38B7-9F5B-AC3A2DBD2D5F}"
	ProjectSection(ProjectDependencies) = postProject
		{0256C65C-DDF9-3162-87B2-A38EC4A2A502} = {0256C65C-DDF9-3162-87B2-A38EC4A2A502}
		{1B7F0E4A-5843-3E62-9B32-74DE738DE7AB} = {1B7F0E4A-5843-3E62-9B32-74DE738DE7AB}
	EndProjectSection
EndProject
Project("{8BC9CEB8-8B4A-11D0-8D11-00A0C91BC942}") = "ZERO_CHECK", "ZERO_CHECK.vcxproj", "{1B7F0E4A-5843-3E62-9B32-74DE738DE7AB}"
	ProjectSection(ProjectDependencies) = postProject
	EndProjectSection
EndProject
Project("{8BC9CEB8-8B4A-11D0-8D11-00A0C91BC942}") = "lunasvg", "lunasvg.vcxproj", "{07BB2B4E-1FB6-3CF6-982B-1EB3E2F4FDF2}"
	ProjectSection(ProjectDependencies) = postProject
		{1B7F0E4A-5843-3E62-9B32-74DE738DE7AB} = {1B7F0E4A-5843-3E62-9B32-74DE738DE7AB}
	EndProjectSection
EndProject
Global
	GlobalSection(SolutionConfigurationPlatforms) = preSolution
		Debug|x64 = Debug|x64
		Release|x64 = Release|x64
		MinSizeRel|x64 = MinSizeRel|x64
		RelWithDebInfo|x64 = RelWithDebInfo|x64
	EndGlobalSection
	GlobalSection(ProjectConfigurationPlatforms) = postSolution
		{0256C65C-DDF9-3162-87B2-A38EC4A2A502}.Debug|x64.ActiveCfg = Debug|x64
		{0256C65C-DDF9-3162-87B2-A38EC4A2A502}.Debug|x64.Build.0 = Debug|x64
		{0256C65C-DDF9-3162-87B2-A38EC4A2A502}.Release|x64.ActiveCfg = Release|x64
		{0256C65C-DDF9-3162-87B2-A38EC4A2A502}.Release|x64.Build.0 = Release|x64
		{0256C65C-DDF9-3162-87B2-A38EC4A2A502}.MinSizeRel|x64.ActiveCfg = MinSizeRel|x64
		{0256C65C-DDF9-3162-87B2-A38EC4A2A502}.MinSizeRel|x64.Build.0 = MinSizeRel|x64
		{0256C65C-DDF9-3162-87B2-A38EC4A2A502}.RelWithDebInfo|x64.ActiveCfg = RelWithDebInfo|x64
		{0256C65C-DDF9-3162-87B2-A38EC4A2A502}.RelWithDebInfo|x64.Build.0 = RelWithDebInfo|x64
		{5281FA09-D5DD-38B7-9F5B-AC3A2DBD2D5F}.Debug|x64.ActiveCfg = Debug|x64
		{5281FA09-D5DD-38B7-9F5B-AC3A2DBD2D5F}.Release|x64.ActiveCfg = Release|x64
		{5281FA09-D5DD-38B7-9F5B-AC3A2DBD2D5F}.MinSizeRel|x64.ActiveCfg = MinSizeRel|x64
		{5281FA09-D5DD-38B7-9F5B-AC3A2DBD2D5F}.RelWithDebInfo|x64.ActiveCfg = RelWithDebInfo|x64
		{1B7F0E4A-5843-3E62-9B32-74DE738DE7AB}.Debug|x64.ActiveCfg = Debug|x64
		{1B7F0E4A-5843-3E62-9B32-74DE738DE7AB}.Debug|x64.Build.0 = Debug|x64
		{1B7F0E4A-5843-3E62-9B32-74DE738DE7AB}.Release|x64.ActiveCfg = Release|x64
		{1B7F0E4A-5843-3E62-9B32-74DE738DE7AB}.Release|x64.Build.0 = Release|x64
		{1B7F0E4A-5843-3E62-9B32-74DE738DE7AB}.MinSizeRel|x64.ActiveCfg = MinSizeRel|x64
		{1B7F0E4A-5843-3E62-9B32-74DE738DE7AB}.MinSizeRel|x64.Build.0 = MinSizeRel|x64
		{1B7F0E4A-5843-3E62-9B32-74DE738DE7AB}.RelWithDebInfo|x64.ActiveCfg = RelWithDebInfo|x64
		{1B7F0E4A-5843-3E62-9B32-74DE738DE7AB}.RelWithDebInfo|x64.Build.0 = RelWithDebInfo|x64
		{07BB2B4E-1FB6-3CF6-982B-1EB3E2F4FDF2}.Debug|x64.ActiveCfg = Debug|x64
		{07BB2B4E-1FB6-3CF6-982B-1EB3E2F4FDF2}.Debug|x64.Build.0 = Debug|x64
		{07BB2B4E-1FB6-3CF6-982B-1EB3E2F4FDF2}.Release|x64.ActiveCfg = Release|x64
		{07BB2B4E-1FB6-3CF6-982B-1EB3E2F4FDF2}.Release|x64.Build.0 = Release|x64
		{07BB2B4E-1FB6-3CF6-982B-1EB3E2F4FDF2}.MinSizeRel|x64.ActiveCfg = MinSizeRel|x64
		{07BB2B4E-1FB6-3CF6-982B-1EB3E2F4FDF2}.MinSizeRel|x64.Build.0 = MinSizeRel|x64
		{07BB2B4E-1FB6-3CF6-982B-1EB3E2F4FDF2}.RelWithDebInfo|x64.ActiveCfg = RelWithDebInfo|x64
		{07BB2B4E-1FB6-3CF6-982B-1EB3E2F4FDF2}.RelWithDebInfo|x64.Build.0 = RelWithDebInfo|x64
	EndGlobalSection
	GlobalSection(ExtensibilityGlobals) = postSolution
		SolutionGuid = {B6BB5F47-E9D9-3434-B4AD-4B16B751C769}
	EndGlobalSection
	GlobalSection(ExtensibilityAddIns) = postSolution
	EndGlobalSection
EndGlobal
