
Microsoft Visual Studio Solution File, Format Version 12.00
# Visual Studio Version 16
Project("{2150E333-8FDC-42A3-9474-1A3956D46DE8}") = "3rdparty", "3rdparty", "{D271348C-A8CF-39BD-99CE-3A18088105F6}"
EndProject
Project("{2150E333-8FDC-42A3-9474-1A3956D46DE8}") = "CMakeTargets", "CMakeTargets", "{912FF956-3AA9-3316-916F-855DFB3E7141}"
EndProject
Project("{2150E333-8FDC-42A3-9474-1A3956D46DE8}") = "dispatched", "dispatched", "{21EBD434-775F-35A1-A913-26CF205C6348}"
EndProject
Project("{2150E333-8FDC-42A3-9474-1A3956D46DE8}") = "modules", "modules", "{BBDAA1A3-4EE1-3F31-9E49-5E2344F6751B}"
EndProject
Project("{8BC9CEB8-8B4A-11D0-8D11-00A0C91BC942}") = "ALL_BUILD", "ALL_BUILD.vcxproj", "{21A0A551-3BFE-3474-AD3F-8F7DD0F703CB}"
	ProjectSection(ProjectDependencies) = postProject
		{36361299-603D-3D8B-836A-4ECBB0E38EE5} = {36361299-603D-3D8B-836A-4ECBB0E38EE5}
		{E66C5FB5-5746-37B4-802D-D63890BDD8DA} = {E66C5FB5-5746-37B4-802D-D63890BDD8DA}
	EndProjectSection
EndProject
Project("{8BC9CEB8-8B4A-11D0-8D11-00A0C91BC942}") = "INSTALL", "INSTALL.vcxproj", "{AB0F1B3C-10CF-3D76-9B25-6959D27DA8A4}"
	ProjectSection(ProjectDependencies) = postProject
		{21A0A551-3BFE-3474-AD3F-8F7DD0F703CB} = {21A0A551-3BFE-3474-AD3F-8F7DD0F703CB}
		{36361299-603D-3D8B-836A-4ECBB0E38EE5} = {36361299-603D-3D8B-836A-4ECBB0E38EE5}
	EndProjectSection
EndProject
Project("{8BC9CEB8-8B4A-11D0-8D11-00A0C91BC942}") = "PACKAGE", "PACKAGE.vcxproj", "{6F278818-384A-31CE-BD32-DFBE425096AC}"
	ProjectSection(ProjectDependencies) = postProject
		{21A0A551-3BFE-3474-AD3F-8F7DD0F703CB} = {21A0A551-3BFE-3474-AD3F-8F7DD0F703CB}
		{36361299-603D-3D8B-836A-4ECBB0E38EE5} = {36361299-603D-3D8B-836A-4ECBB0E38EE5}
	EndProjectSection
EndProject
Project("{8BC9CEB8-8B4A-11D0-8D11-00A0C91BC942}") = "RUN_TESTS", "RUN_TESTS.vcxproj", "{CD20414C-3AFD-3D86-86E6-95510DB3EE15}"
	ProjectSection(ProjectDependencies) = postProject
		{36361299-603D-3D8B-836A-4ECBB0E38EE5} = {36361299-603D-3D8B-836A-4ECBB0E38EE5}
	EndProjectSection
EndProject
Project("{8BC9CEB8-8B4A-11D0-8D11-00A0C91BC942}") = "ZERO_CHECK", "..\..\\ZERO_CHECK.vcxproj", "{36361299-603D-3D8B-836A-4ECBB0E38EE5}"
	ProjectSection(ProjectDependencies) = postProject
	EndProjectSection
EndProject
Project("{8BC9CEB8-8B4A-11D0-8D11-00A0C91BC942}") = "opencv_aruco", "opencv_aruco.vcxproj", "{E66C5FB5-5746-37B4-802D-D63890BDD8DA}"
	ProjectSection(ProjectDependencies) = postProject
		{36361299-603D-3D8B-836A-4ECBB0E38EE5} = {36361299-603D-3D8B-836A-4ECBB0E38EE5}
		{9CF41AEF-8CEB-324B-BBEE-012D730460D9} = {9CF41AEF-8CEB-324B-BBEE-012D730460D9}
		{CD49C581-0002-3C2C-B5A1-E9BE7798220D} = {CD49C581-0002-3C2C-B5A1-E9BE7798220D}
		{B6B98738-2A77-3E6B-9D51-27712089EA79} = {B6B98738-2A77-3E6B-9D51-27712089EA79}
		{FB402828-1E8D-3982-A586-692D06676F14} = {FB402828-1E8D-3982-A586-692D06676F14}
		{A2B1280C-8DD5-3B29-9324-FCD286CD1983} = {A2B1280C-8DD5-3B29-9324-FCD286CD1983}
		{3C513026-2531-39F1-81F3-1538536DA385} = {3C513026-2531-39F1-81F3-1538536DA385}
		{6D46CF14-7C55-375A-B24E-ABEFD54CAC39} = {6D46CF14-7C55-375A-B24E-ABEFD54CAC39}
		{E6721148-F269-3729-874F-1EF15E8F2EF9} = {E6721148-F269-3729-874F-1EF15E8F2EF9}
	EndProjectSection
EndProject
Project("{8BC9CEB8-8B4A-11D0-8D11-00A0C91BC942}") = "opencv_calib3d", "..\calib3d\opencv_calib3d.vcxproj", "{9CF41AEF-8CEB-324B-BBEE-012D730460D9}"
	ProjectSection(ProjectDependencies) = postProject
		{36361299-603D-3D8B-836A-4ECBB0E38EE5} = {36361299-603D-3D8B-836A-4ECBB0E38EE5}
		{BC4A5B27-73F7-35BF-858F-5EB191B044FF} = {BC4A5B27-73F7-35BF-858F-5EB191B044FF}
		{CD49C581-0002-3C2C-B5A1-E9BE7798220D} = {CD49C581-0002-3C2C-B5A1-E9BE7798220D}
		{B6B98738-2A77-3E6B-9D51-27712089EA79} = {B6B98738-2A77-3E6B-9D51-27712089EA79}
		{FB402828-1E8D-3982-A586-692D06676F14} = {FB402828-1E8D-3982-A586-692D06676F14}
		{A2B1280C-8DD5-3B29-9324-FCD286CD1983} = {A2B1280C-8DD5-3B29-9324-FCD286CD1983}
		{E6721148-F269-3729-874F-1EF15E8F2EF9} = {E6721148-F269-3729-874F-1EF15E8F2EF9}
	EndProjectSection
EndProject
Project("{8BC9CEB8-8B4A-11D0-8D11-00A0C91BC942}") = "opencv_calib3d_AVX2", "..\calib3d\opencv_calib3d_AVX2.vcxproj", "{BC4A5B27-73F7-35BF-858F-5EB191B044FF}"
	ProjectSection(ProjectDependencies) = postProject
		{36361299-603D-3D8B-836A-4ECBB0E38EE5} = {36361299-603D-3D8B-836A-4ECBB0E38EE5}
	EndProjectSection
EndProject
Project("{8BC9CEB8-8B4A-11D0-8D11-00A0C91BC942}") = "opencv_core", "..\core\opencv_core.vcxproj", "{CD49C581-0002-3C2C-B5A1-E9BE7798220D}"
	ProjectSection(ProjectDependencies) = postProject
		{36361299-603D-3D8B-836A-4ECBB0E38EE5} = {36361299-603D-3D8B-836A-4ECBB0E38EE5}
		{016E9FB5-3CD8-360A-80E3-05BC28B96A89} = {016E9FB5-3CD8-360A-80E3-05BC28B96A89}
		{C17B8A70-B469-3B0D-9630-4BD9615E8A35} = {C17B8A70-B469-3B0D-9630-4BD9615E8A35}
		{06112702-1C35-3526-B1C1-411ED650579A} = {06112702-1C35-3526-B1C1-411ED650579A}
		{1CB0B4C5-7087-3EAE-AB14-76F22B6BE413} = {1CB0B4C5-7087-3EAE-AB14-76F22B6BE413}
		{5B359EB2-BC3E-321B-B756-975ACB2F5B66} = {5B359EB2-BC3E-321B-B756-975ACB2F5B66}
		{E6721148-F269-3729-874F-1EF15E8F2EF9} = {E6721148-F269-3729-874F-1EF15E8F2EF9}
	EndProjectSection
EndProject
Project("{8BC9CEB8-8B4A-11D0-8D11-00A0C91BC942}") = "opencv_core_AVX", "..\core\opencv_core_AVX.vcxproj", "{016E9FB5-3CD8-360A-80E3-05BC28B96A89}"
	ProjectSection(ProjectDependencies) = postProject
		{36361299-603D-3D8B-836A-4ECBB0E38EE5} = {36361299-603D-3D8B-836A-4ECBB0E38EE5}
	EndProjectSection
EndProject
Project("{8BC9CEB8-8B4A-11D0-8D11-00A0C91BC942}") = "opencv_core_AVX2", "..\core\opencv_core_AVX2.vcxproj", "{C17B8A70-B469-3B0D-9630-4BD9615E8A35}"
	ProjectSection(ProjectDependencies) = postProject
		{36361299-603D-3D8B-836A-4ECBB0E38EE5} = {36361299-603D-3D8B-836A-4ECBB0E38EE5}
	EndProjectSection
EndProject
Project("{8BC9CEB8-8B4A-11D0-8D11-00A0C91BC942}") = "opencv_core_AVX512_SKX", "..\core\opencv_core_AVX512_SKX.vcxproj", "{06112702-1C35-3526-B1C1-411ED650579A}"
	ProjectSection(ProjectDependencies) = postProject
		{36361299-603D-3D8B-836A-4ECBB0E38EE5} = {36361299-603D-3D8B-836A-4ECBB0E38EE5}
	EndProjectSection
EndProject
Project("{8BC9CEB8-8B4A-11D0-8D11-00A0C91BC942}") = "opencv_core_SSE4_1", "..\core\opencv_core_SSE4_1.vcxproj", "{1CB0B4C5-7087-3EAE-AB14-76F22B6BE413}"
	ProjectSection(ProjectDependencies) = postProject
		{36361299-603D-3D8B-836A-4ECBB0E38EE5} = {36361299-603D-3D8B-836A-4ECBB0E38EE5}
	EndProjectSection
EndProject
Project("{8BC9CEB8-8B4A-11D0-8D11-00A0C91BC942}") = "opencv_core_SSE4_2", "..\core\opencv_core_SSE4_2.vcxproj", "{5B359EB2-BC3E-321B-B756-975ACB2F5B66}"
	ProjectSection(ProjectDependencies) = postProject
		{36361299-603D-3D8B-836A-4ECBB0E38EE5} = {36361299-603D-3D8B-836A-4ECBB0E38EE5}
	EndProjectSection
EndProject
Project("{8BC9CEB8-8B4A-11D0-8D11-00A0C91BC942}") = "opencv_features2d", "..\features2d\opencv_features2d.vcxproj", "{B6B98738-2A77-3E6B-9D51-27712089EA79}"
	ProjectSection(ProjectDependencies) = postProject
		{36361299-603D-3D8B-836A-4ECBB0E38EE5} = {36361299-603D-3D8B-836A-4ECBB0E38EE5}
		{CD49C581-0002-3C2C-B5A1-E9BE7798220D} = {CD49C581-0002-3C2C-B5A1-E9BE7798220D}
		{D14EC658-3BFE-3BEB-9F03-3D1A972B83D6} = {D14EC658-3BFE-3BEB-9F03-3D1A972B83D6}
		{24224FBE-8DD2-3857-A5E7-742A1478A4D3} = {24224FBE-8DD2-3857-A5E7-742A1478A4D3}
		{FCFD3C37-200C-3686-9583-BBFC088A424C} = {FCFD3C37-200C-3686-9583-BBFC088A424C}
		{FB402828-1E8D-3982-A586-692D06676F14} = {FB402828-1E8D-3982-A586-692D06676F14}
		{A2B1280C-8DD5-3B29-9324-FCD286CD1983} = {A2B1280C-8DD5-3B29-9324-FCD286CD1983}
		{E6721148-F269-3729-874F-1EF15E8F2EF9} = {E6721148-F269-3729-874F-1EF15E8F2EF9}
	EndProjectSection
EndProject
Project("{8BC9CEB8-8B4A-11D0-8D11-00A0C91BC942}") = "opencv_features2d_AVX2", "..\features2d\opencv_features2d_AVX2.vcxproj", "{D14EC658-3BFE-3BEB-9F03-3D1A972B83D6}"
	ProjectSection(ProjectDependencies) = postProject
		{36361299-603D-3D8B-836A-4ECBB0E38EE5} = {36361299-603D-3D8B-836A-4ECBB0E38EE5}
	EndProjectSection
EndProject
Project("{8BC9CEB8-8B4A-11D0-8D11-00A0C91BC942}") = "opencv_features2d_AVX512_SKX", "..\features2d\opencv_features2d_AVX512_SKX.vcxproj", "{24224FBE-8DD2-3857-A5E7-742A1478A4D3}"
	ProjectSection(ProjectDependencies) = postProject
		{36361299-603D-3D8B-836A-4ECBB0E38EE5} = {36361299-603D-3D8B-836A-4ECBB0E38EE5}
	EndProjectSection
EndProject
Project("{8BC9CEB8-8B4A-11D0-8D11-00A0C91BC942}") = "opencv_features2d_SSE4_1", "..\features2d\opencv_features2d_SSE4_1.vcxproj", "{FCFD3C37-200C-3686-9583-BBFC088A424C}"
	ProjectSection(ProjectDependencies) = postProject
		{36361299-603D-3D8B-836A-4ECBB0E38EE5} = {36361299-603D-3D8B-836A-4ECBB0E38EE5}
	EndProjectSection
EndProject
Project("{8BC9CEB8-8B4A-11D0-8D11-00A0C91BC942}") = "opencv_flann", "..\flann\opencv_flann.vcxproj", "{FB402828-1E8D-3982-A586-692D06676F14}"
	ProjectSection(ProjectDependencies) = postProject
		{36361299-603D-3D8B-836A-4ECBB0E38EE5} = {36361299-603D-3D8B-836A-4ECBB0E38EE5}
		{CD49C581-0002-3C2C-B5A1-E9BE7798220D} = {CD49C581-0002-3C2C-B5A1-E9BE7798220D}
		{E6721148-F269-3729-874F-1EF15E8F2EF9} = {E6721148-F269-3729-874F-1EF15E8F2EF9}
	EndProjectSection
EndProject
Project("{8BC9CEB8-8B4A-11D0-8D11-00A0C91BC942}") = "opencv_imgproc", "..\imgproc\opencv_imgproc.vcxproj", "{A2B1280C-8DD5-3B29-9324-FCD286CD1983}"
	ProjectSection(ProjectDependencies) = postProject
		{36361299-603D-3D8B-836A-4ECBB0E38EE5} = {36361299-603D-3D8B-836A-4ECBB0E38EE5}
		{CD49C581-0002-3C2C-B5A1-E9BE7798220D} = {CD49C581-0002-3C2C-B5A1-E9BE7798220D}
		{B5A65E39-AF9F-3602-BA17-0B68FFC2B369} = {B5A65E39-AF9F-3602-BA17-0B68FFC2B369}
		{910B14C1-17F6-31C7-B008-13E518BAA961} = {910B14C1-17F6-31C7-B008-13E518BAA961}
		{C10A6749-A641-3340-AA89-9D7C16172535} = {C10A6749-A641-3340-AA89-9D7C16172535}
		{E4A2171D-C658-305B-A134-C1B12E724DA6} = {E4A2171D-C658-305B-A134-C1B12E724DA6}
		{E6721148-F269-3729-874F-1EF15E8F2EF9} = {E6721148-F269-3729-874F-1EF15E8F2EF9}
	EndProjectSection
EndProject
Project("{8BC9CEB8-8B4A-11D0-8D11-00A0C91BC942}") = "opencv_imgproc_AVX", "..\imgproc\opencv_imgproc_AVX.vcxproj", "{B5A65E39-AF9F-3602-BA17-0B68FFC2B369}"
	ProjectSection(ProjectDependencies) = postProject
		{36361299-603D-3D8B-836A-4ECBB0E38EE5} = {36361299-603D-3D8B-836A-4ECBB0E38EE5}
	EndProjectSection
EndProject
Project("{8BC9CEB8-8B4A-11D0-8D11-00A0C91BC942}") = "opencv_imgproc_AVX2", "..\imgproc\opencv_imgproc_AVX2.vcxproj", "{910B14C1-17F6-31C7-B008-13E518BAA961}"
	ProjectSection(ProjectDependencies) = postProject
		{36361299-603D-3D8B-836A-4ECBB0E38EE5} = {36361299-603D-3D8B-836A-4ECBB0E38EE5}
	EndProjectSection
EndProject
Project("{8BC9CEB8-8B4A-11D0-8D11-00A0C91BC942}") = "opencv_imgproc_AVX512_SKX", "..\imgproc\opencv_imgproc_AVX512_SKX.vcxproj", "{C10A6749-A641-3340-AA89-9D7C16172535}"
	ProjectSection(ProjectDependencies) = postProject
		{36361299-603D-3D8B-836A-4ECBB0E38EE5} = {36361299-603D-3D8B-836A-4ECBB0E38EE5}
	EndProjectSection
EndProject
Project("{8BC9CEB8-8B4A-11D0-8D11-00A0C91BC942}") = "opencv_imgproc_SSE4_1", "..\imgproc\opencv_imgproc_SSE4_1.vcxproj", "{E4A2171D-C658-305B-A134-C1B12E724DA6}"
	ProjectSection(ProjectDependencies) = postProject
		{36361299-603D-3D8B-836A-4ECBB0E38EE5} = {36361299-603D-3D8B-836A-4ECBB0E38EE5}
	EndProjectSection
EndProject
Project("{8BC9CEB8-8B4A-11D0-8D11-00A0C91BC942}") = "opencv_objdetect", "..\objdetect\opencv_objdetect.vcxproj", "{3C513026-2531-39F1-81F3-1538536DA385}"
	ProjectSection(ProjectDependencies) = postProject
		{36361299-603D-3D8B-836A-4ECBB0E38EE5} = {36361299-603D-3D8B-836A-4ECBB0E38EE5}
		{9CF41AEF-8CEB-324B-BBEE-012D730460D9} = {9CF41AEF-8CEB-324B-BBEE-012D730460D9}
		{CD49C581-0002-3C2C-B5A1-E9BE7798220D} = {CD49C581-0002-3C2C-B5A1-E9BE7798220D}
		{B6B98738-2A77-3E6B-9D51-27712089EA79} = {B6B98738-2A77-3E6B-9D51-27712089EA79}
		{FB402828-1E8D-3982-A586-692D06676F14} = {FB402828-1E8D-3982-A586-692D06676F14}
		{A2B1280C-8DD5-3B29-9324-FCD286CD1983} = {A2B1280C-8DD5-3B29-9324-FCD286CD1983}
		{6D46CF14-7C55-375A-B24E-ABEFD54CAC39} = {6D46CF14-7C55-375A-B24E-ABEFD54CAC39}
		{E6721148-F269-3729-874F-1EF15E8F2EF9} = {E6721148-F269-3729-874F-1EF15E8F2EF9}
	EndProjectSection
EndProject
Project("{8BC9CEB8-8B4A-11D0-8D11-00A0C91BC942}") = "quirc", "..\..\3rdparty\quirc\quirc.vcxproj", "{6D46CF14-7C55-375A-B24E-ABEFD54CAC39}"
	ProjectSection(ProjectDependencies) = postProject
		{36361299-603D-3D8B-836A-4ECBB0E38EE5} = {36361299-603D-3D8B-836A-4ECBB0E38EE5}
	EndProjectSection
EndProject
Project("{8BC9CEB8-8B4A-11D0-8D11-00A0C91BC942}") = "zlib", "..\..\3rdparty\zlib\zlib.vcxproj", "{E6721148-F269-3729-874F-1EF15E8F2EF9}"
	ProjectSection(ProjectDependencies) = postProject
		{36361299-603D-3D8B-836A-4ECBB0E38EE5} = {36361299-603D-3D8B-836A-4ECBB0E38EE5}
	EndProjectSection
EndProject
Global
	GlobalSection(SolutionConfigurationPlatforms) = preSolution
		Debug|x64 = Debug|x64
		Release|x64 = Release|x64
	EndGlobalSection
	GlobalSection(ProjectConfigurationPlatforms) = postSolution
		{21A0A551-3BFE-3474-AD3F-8F7DD0F703CB}.Debug|x64.ActiveCfg = Debug|x64
		{21A0A551-3BFE-3474-AD3F-8F7DD0F703CB}.Debug|x64.Build.0 = Debug|x64
		{21A0A551-3BFE-3474-AD3F-8F7DD0F703CB}.Release|x64.ActiveCfg = Release|x64
		{21A0A551-3BFE-3474-AD3F-8F7DD0F703CB}.Release|x64.Build.0 = Release|x64
		{AB0F1B3C-10CF-3D76-9B25-6959D27DA8A4}.Debug|x64.ActiveCfg = Debug|x64
		{AB0F1B3C-10CF-3D76-9B25-6959D27DA8A4}.Release|x64.ActiveCfg = Release|x64
		{6F278818-384A-31CE-BD32-DFBE425096AC}.Debug|x64.ActiveCfg = Debug|x64
		{6F278818-384A-31CE-BD32-DFBE425096AC}.Release|x64.ActiveCfg = Release|x64
		{CD20414C-3AFD-3D86-86E6-95510DB3EE15}.Debug|x64.ActiveCfg = Debug|x64
		{CD20414C-3AFD-3D86-86E6-95510DB3EE15}.Release|x64.ActiveCfg = Release|x64
		{36361299-603D-3D8B-836A-4ECBB0E38EE5}.Debug|x64.ActiveCfg = Debug|x64
		{36361299-603D-3D8B-836A-4ECBB0E38EE5}.Debug|x64.Build.0 = Debug|x64
		{36361299-603D-3D8B-836A-4ECBB0E38EE5}.Release|x64.ActiveCfg = Release|x64
		{36361299-603D-3D8B-836A-4ECBB0E38EE5}.Release|x64.Build.0 = Release|x64
		{E66C5FB5-5746-37B4-802D-D63890BDD8DA}.Debug|x64.ActiveCfg = Debug|x64
		{E66C5FB5-5746-37B4-802D-D63890BDD8DA}.Debug|x64.Build.0 = Debug|x64
		{E66C5FB5-5746-37B4-802D-D63890BDD8DA}.Release|x64.ActiveCfg = Release|x64
		{E66C5FB5-5746-37B4-802D-D63890BDD8DA}.Release|x64.Build.0 = Release|x64
		{9CF41AEF-8CEB-324B-BBEE-012D730460D9}.Debug|x64.ActiveCfg = Debug|x64
		{9CF41AEF-8CEB-324B-BBEE-012D730460D9}.Debug|x64.Build.0 = Debug|x64
		{9CF41AEF-8CEB-324B-BBEE-012D730460D9}.Release|x64.ActiveCfg = Release|x64
		{9CF41AEF-8CEB-324B-BBEE-012D730460D9}.Release|x64.Build.0 = Release|x64
		{BC4A5B27-73F7-35BF-858F-5EB191B044FF}.Debug|x64.ActiveCfg = Debug|x64
		{BC4A5B27-73F7-35BF-858F-5EB191B044FF}.Debug|x64.Build.0 = Debug|x64
		{BC4A5B27-73F7-35BF-858F-5EB191B044FF}.Release|x64.ActiveCfg = Release|x64
		{BC4A5B27-73F7-35BF-858F-5EB191B044FF}.Release|x64.Build.0 = Release|x64
		{CD49C581-0002-3C2C-B5A1-E9BE7798220D}.Debug|x64.ActiveCfg = Debug|x64
		{CD49C581-0002-3C2C-B5A1-E9BE7798220D}.Debug|x64.Build.0 = Debug|x64
		{CD49C581-0002-3C2C-B5A1-E9BE7798220D}.Release|x64.ActiveCfg = Release|x64
		{CD49C581-0002-3C2C-B5A1-E9BE7798220D}.Release|x64.Build.0 = Release|x64
		{016E9FB5-3CD8-360A-80E3-05BC28B96A89}.Debug|x64.ActiveCfg = Debug|x64
		{016E9FB5-3CD8-360A-80E3-05BC28B96A89}.Debug|x64.Build.0 = Debug|x64
		{016E9FB5-3CD8-360A-80E3-05BC28B96A89}.Release|x64.ActiveCfg = Release|x64
		{016E9FB5-3CD8-360A-80E3-05BC28B96A89}.Release|x64.Build.0 = Release|x64
		{C17B8A70-B469-3B0D-9630-4BD9615E8A35}.Debug|x64.ActiveCfg = Debug|x64
		{C17B8A70-B469-3B0D-9630-4BD9615E8A35}.Debug|x64.Build.0 = Debug|x64
		{C17B8A70-B469-3B0D-9630-4BD9615E8A35}.Release|x64.ActiveCfg = Release|x64
		{C17B8A70-B469-3B0D-9630-4BD9615E8A35}.Release|x64.Build.0 = Release|x64
		{06112702-1C35-3526-B1C1-411ED650579A}.Debug|x64.ActiveCfg = Debug|x64
		{06112702-1C35-3526-B1C1-411ED650579A}.Debug|x64.Build.0 = Debug|x64
		{06112702-1C35-3526-B1C1-411ED650579A}.Release|x64.ActiveCfg = Release|x64
		{06112702-1C35-3526-B1C1-411ED650579A}.Release|x64.Build.0 = Release|x64
		{1CB0B4C5-7087-3EAE-AB14-76F22B6BE413}.Debug|x64.ActiveCfg = Debug|x64
		{1CB0B4C5-7087-3EAE-AB14-76F22B6BE413}.Debug|x64.Build.0 = Debug|x64
		{1CB0B4C5-7087-3EAE-AB14-76F22B6BE413}.Release|x64.ActiveCfg = Release|x64
		{1CB0B4C5-7087-3EAE-AB14-76F22B6BE413}.Release|x64.Build.0 = Release|x64
		{5B359EB2-BC3E-321B-B756-975ACB2F5B66}.Debug|x64.ActiveCfg = Debug|x64
		{5B359EB2-BC3E-321B-B756-975ACB2F5B66}.Debug|x64.Build.0 = Debug|x64
		{5B359EB2-BC3E-321B-B756-975ACB2F5B66}.Release|x64.ActiveCfg = Release|x64
		{5B359EB2-BC3E-321B-B756-975ACB2F5B66}.Release|x64.Build.0 = Release|x64
		{B6B98738-2A77-3E6B-9D51-27712089EA79}.Debug|x64.ActiveCfg = Debug|x64
		{B6B98738-2A77-3E6B-9D51-27712089EA79}.Debug|x64.Build.0 = Debug|x64
		{B6B98738-2A77-3E6B-9D51-27712089EA79}.Release|x64.ActiveCfg = Release|x64
		{B6B98738-2A77-3E6B-9D51-27712089EA79}.Release|x64.Build.0 = Release|x64
		{D14EC658-3BFE-3BEB-9F03-3D1A972B83D6}.Debug|x64.ActiveCfg = Debug|x64
		{D14EC658-3BFE-3BEB-9F03-3D1A972B83D6}.Debug|x64.Build.0 = Debug|x64
		{D14EC658-3BFE-3BEB-9F03-3D1A972B83D6}.Release|x64.ActiveCfg = Release|x64
		{D14EC658-3BFE-3BEB-9F03-3D1A972B83D6}.Release|x64.Build.0 = Release|x64
		{24224FBE-8DD2-3857-A5E7-742A1478A4D3}.Debug|x64.ActiveCfg = Debug|x64
		{24224FBE-8DD2-3857-A5E7-742A1478A4D3}.Debug|x64.Build.0 = Debug|x64
		{24224FBE-8DD2-3857-A5E7-742A1478A4D3}.Release|x64.ActiveCfg = Release|x64
		{24224FBE-8DD2-3857-A5E7-742A1478A4D3}.Release|x64.Build.0 = Release|x64
		{FCFD3C37-200C-3686-9583-BBFC088A424C}.Debug|x64.ActiveCfg = Debug|x64
		{FCFD3C37-200C-3686-9583-BBFC088A424C}.Debug|x64.Build.0 = Debug|x64
		{FCFD3C37-200C-3686-9583-BBFC088A424C}.Release|x64.ActiveCfg = Release|x64
		{FCFD3C37-200C-3686-9583-BBFC088A424C}.Release|x64.Build.0 = Release|x64
		{FB402828-1E8D-3982-A586-692D06676F14}.Debug|x64.ActiveCfg = Debug|x64
		{FB402828-1E8D-3982-A586-692D06676F14}.Debug|x64.Build.0 = Debug|x64
		{FB402828-1E8D-3982-A586-692D06676F14}.Release|x64.ActiveCfg = Release|x64
		{FB402828-1E8D-3982-A586-692D06676F14}.Release|x64.Build.0 = Release|x64
		{A2B1280C-8DD5-3B29-9324-FCD286CD1983}.Debug|x64.ActiveCfg = Debug|x64
		{A2B1280C-8DD5-3B29-9324-FCD286CD1983}.Debug|x64.Build.0 = Debug|x64
		{A2B1280C-8DD5-3B29-9324-FCD286CD1983}.Release|x64.ActiveCfg = Release|x64
		{A2B1280C-8DD5-3B29-9324-FCD286CD1983}.Release|x64.Build.0 = Release|x64
		{B5A65E39-AF9F-3602-BA17-0B68FFC2B369}.Debug|x64.ActiveCfg = Debug|x64
		{B5A65E39-AF9F-3602-BA17-0B68FFC2B369}.Debug|x64.Build.0 = Debug|x64
		{B5A65E39-AF9F-3602-BA17-0B68FFC2B369}.Release|x64.ActiveCfg = Release|x64
		{B5A65E39-AF9F-3602-BA17-0B68FFC2B369}.Release|x64.Build.0 = Release|x64
		{910B14C1-17F6-31C7-B008-13E518BAA961}.Debug|x64.ActiveCfg = Debug|x64
		{910B14C1-17F6-31C7-B008-13E518BAA961}.Debug|x64.Build.0 = Debug|x64
		{910B14C1-17F6-31C7-B008-13E518BAA961}.Release|x64.ActiveCfg = Release|x64
		{910B14C1-17F6-31C7-B008-13E518BAA961}.Release|x64.Build.0 = Release|x64
		{C10A6749-A641-3340-AA89-9D7C16172535}.Debug|x64.ActiveCfg = Debug|x64
		{C10A6749-A641-3340-AA89-9D7C16172535}.Debug|x64.Build.0 = Debug|x64
		{C10A6749-A641-3340-AA89-9D7C16172535}.Release|x64.ActiveCfg = Release|x64
		{C10A6749-A641-3340-AA89-9D7C16172535}.Release|x64.Build.0 = Release|x64
		{E4A2171D-C658-305B-A134-C1B12E724DA6}.Debug|x64.ActiveCfg = Debug|x64
		{E4A2171D-C658-305B-A134-C1B12E724DA6}.Debug|x64.Build.0 = Debug|x64
		{E4A2171D-C658-305B-A134-C1B12E724DA6}.Release|x64.ActiveCfg = Release|x64
		{E4A2171D-C658-305B-A134-C1B12E724DA6}.Release|x64.Build.0 = Release|x64
		{3C513026-2531-39F1-81F3-1538536DA385}.Debug|x64.ActiveCfg = Debug|x64
		{3C513026-2531-39F1-81F3-1538536DA385}.Debug|x64.Build.0 = Debug|x64
		{3C513026-2531-39F1-81F3-1538536DA385}.Release|x64.ActiveCfg = Release|x64
		{3C513026-2531-39F1-81F3-1538536DA385}.Release|x64.Build.0 = Release|x64
		{6D46CF14-7C55-375A-B24E-ABEFD54CAC39}.Debug|x64.ActiveCfg = Debug|x64
		{6D46CF14-7C55-375A-B24E-ABEFD54CAC39}.Debug|x64.Build.0 = Debug|x64
		{6D46CF14-7C55-375A-B24E-ABEFD54CAC39}.Release|x64.ActiveCfg = Release|x64
		{6D46CF14-7C55-375A-B24E-ABEFD54CAC39}.Release|x64.Build.0 = Release|x64
		{E6721148-F269-3729-874F-1EF15E8F2EF9}.Debug|x64.ActiveCfg = Debug|x64
		{E6721148-F269-3729-874F-1EF15E8F2EF9}.Debug|x64.Build.0 = Debug|x64
		{E6721148-F269-3729-874F-1EF15E8F2EF9}.Release|x64.ActiveCfg = Release|x64
		{E6721148-F269-3729-874F-1EF15E8F2EF9}.Release|x64.Build.0 = Release|x64
	EndGlobalSection
	GlobalSection(NestedProjects) = preSolution
		{6D46CF14-7C55-375A-B24E-ABEFD54CAC39} = {D271348C-A8CF-39BD-99CE-3A18088105F6}
		{E6721148-F269-3729-874F-1EF15E8F2EF9} = {D271348C-A8CF-39BD-99CE-3A18088105F6}
		{21A0A551-3BFE-3474-AD3F-8F7DD0F703CB} = {912FF956-3AA9-3316-916F-855DFB3E7141}
		{AB0F1B3C-10CF-3D76-9B25-6959D27DA8A4} = {912FF956-3AA9-3316-916F-855DFB3E7141}
		{6F278818-384A-31CE-BD32-DFBE425096AC} = {912FF956-3AA9-3316-916F-855DFB3E7141}
		{CD20414C-3AFD-3D86-86E6-95510DB3EE15} = {912FF956-3AA9-3316-916F-855DFB3E7141}
		{36361299-603D-3D8B-836A-4ECBB0E38EE5} = {912FF956-3AA9-3316-916F-855DFB3E7141}
		{BC4A5B27-73F7-35BF-858F-5EB191B044FF} = {21EBD434-775F-35A1-A913-26CF205C6348}
		{016E9FB5-3CD8-360A-80E3-05BC28B96A89} = {21EBD434-775F-35A1-A913-26CF205C6348}
		{C17B8A70-B469-3B0D-9630-4BD9615E8A35} = {21EBD434-775F-35A1-A913-26CF205C6348}
		{06112702-1C35-3526-B1C1-411ED650579A} = {21EBD434-775F-35A1-A913-26CF205C6348}
		{1CB0B4C5-7087-3EAE-AB14-76F22B6BE413} = {21EBD434-775F-35A1-A913-26CF205C6348}
		{5B359EB2-BC3E-321B-B756-975ACB2F5B66} = {21EBD434-775F-35A1-A913-26CF205C6348}
		{D14EC658-3BFE-3BEB-9F03-3D1A972B83D6} = {21EBD434-775F-35A1-A913-26CF205C6348}
		{24224FBE-8DD2-3857-A5E7-742A1478A4D3} = {21EBD434-775F-35A1-A913-26CF205C6348}
		{FCFD3C37-200C-3686-9583-BBFC088A424C} = {21EBD434-775F-35A1-A913-26CF205C6348}
		{B5A65E39-AF9F-3602-BA17-0B68FFC2B369} = {21EBD434-775F-35A1-A913-26CF205C6348}
		{910B14C1-17F6-31C7-B008-13E518BAA961} = {21EBD434-775F-35A1-A913-26CF205C6348}
		{C10A6749-A641-3340-AA89-9D7C16172535} = {21EBD434-775F-35A1-A913-26CF205C6348}
		{E4A2171D-C658-305B-A134-C1B12E724DA6} = {21EBD434-775F-35A1-A913-26CF205C6348}
		{E66C5FB5-5746-37B4-802D-D63890BDD8DA} = {BBDAA1A3-4EE1-3F31-9E49-5E2344F6751B}
		{9CF41AEF-8CEB-324B-BBEE-012D730460D9} = {BBDAA1A3-4EE1-3F31-9E49-5E2344F6751B}
		{CD49C581-0002-3C2C-B5A1-E9BE7798220D} = {BBDAA1A3-4EE1-3F31-9E49-5E2344F6751B}
		{B6B98738-2A77-3E6B-9D51-27712089EA79} = {BBDAA1A3-4EE1-3F31-9E49-5E2344F6751B}
		{FB402828-1E8D-3982-A586-692D06676F14} = {BBDAA1A3-4EE1-3F31-9E49-5E2344F6751B}
		{A2B1280C-8DD5-3B29-9324-FCD286CD1983} = {BBDAA1A3-4EE1-3F31-9E49-5E2344F6751B}
		{3C513026-2531-39F1-81F3-1538536DA385} = {BBDAA1A3-4EE1-3F31-9E49-5E2344F6751B}
	EndGlobalSection
	GlobalSection(ExtensibilityGlobals) = postSolution
		SolutionGuid = {878D2504-CFC3-3CFA-A86B-124AE7F30199}
	EndGlobalSection
	GlobalSection(ExtensibilityAddIns) = postSolution
	EndGlobalSection
EndGlobal
