
Microsoft Visual Studio Solution File, Format Version 12.00
# Visual Studio Version 16
Project("{2150E333-8FDC-42A3-9474-1A3956D46DE8}") = "CMakeTargets", "CMakeTargets", "{912FF956-3AA9-3316-916F-855DFB3E7141}"
EndProject
Project("{8BC9CEB8-8B4A-11D0-8D11-00A0C91BC942}") = "ALL_BUILD", "ALL_BUILD.vcxproj", "{21A0A551-3BFE-3474-AD3F-8F7DD0F703CB}"
	ProjectSection(ProjectDependencies) = postProject
		{36361299-603D-3D8B-836A-4ECBB0E38EE5} = {36361299-603D-3D8B-836A-4ECBB0E38EE5}
	EndProjectSection
EndProject
Project("{8BC9CEB8-8B4A-11D0-8D11-00A0C91BC942}") = "INSTALL", "INSTALL.vcxproj", "{AB0F1B3C-10CF-3D76-9B25-6959D27DA8A4}"
	ProjectSection(ProjectDependencies) = postProject
		{21A0A551-3BFE-3474-AD3F-8F7DD0F703CB} = {21A0A551-3BFE-3474-AD3F-8F7DD0F703CB}
		{36361299-603D-3D8B-836A-4ECBB0E38EE5} = {36361299-603D-3D8B-836A-4ECBB0E38EE5}
	EndProjectSection
EndProject
Project("{8BC9CEB8-8B4A-11D0-8D11-00A0C91BC942}") = "PACKAGE", "PACKAGE.vcxproj", "{6F278818-384A-31CE-BD32-DFBE425096AC}"
	ProjectSection(ProjectDependencies) = postProject
		{21A0A551-3BFE-3474-AD3F-8F7DD0F703CB} = {21A0A551-3BFE-3474-AD3F-8F7DD0F703CB}
		{36361299-603D-3D8B-836A-4ECBB0E38EE5} = {36361299-603D-3D8B-836A-4ECBB0E38EE5}
	EndProjectSection
EndProject
Project("{8BC9CEB8-8B4A-11D0-8D11-00A0C91BC942}") = "RUN_TESTS", "RUN_TESTS.vcxproj", "{CD20414C-3AFD-3D86-86E6-95510DB3EE15}"
	ProjectSection(ProjectDependencies) = postProject
		{36361299-603D-3D8B-836A-4ECBB0E38EE5} = {36361299-603D-3D8B-836A-4ECBB0E38EE5}
	EndProjectSection
EndProject
Project("{8BC9CEB8-8B4A-11D0-8D11-00A0C91BC942}") = "ZERO_CHECK", "..\..\\ZERO_CHECK.vcxproj", "{36361299-603D-3D8B-836A-4ECBB0E38EE5}"
	ProjectSection(ProjectDependencies) = postProject
	EndProjectSection
EndProject
Project("{8BC9CEB8-8B4A-11D0-8D11-00A0C91BC942}") = "gen_opencv_objc_source", "gen_opencv_objc_source.vcxproj", "{513CC92E-29ED-3B95-8D0E-22FFDB62B6CC}"
	ProjectSection(ProjectDependencies) = postProject
		{36361299-603D-3D8B-836A-4ECBB0E38EE5} = {36361299-603D-3D8B-836A-4ECBB0E38EE5}
		{6CE2F294-0693-3592-AF00-6796A03E0374} = {6CE2F294-0693-3592-AF00-6796A03E0374}
		{DA0FBB59-2F4C-34F3-81DF-87CF0D66574A} = {DA0FBB59-2F4C-34F3-81DF-87CF0D66574A}
	EndProjectSection
EndProject
Project("{8BC9CEB8-8B4A-11D0-8D11-00A0C91BC942}") = "gen_opencv_objc_source_ios", "gen_opencv_objc_source_ios.vcxproj", "{6CE2F294-0693-3592-AF00-6796A03E0374}"
	ProjectSection(ProjectDependencies) = postProject
		{36361299-603D-3D8B-836A-4ECBB0E38EE5} = {36361299-603D-3D8B-836A-4ECBB0E38EE5}
	EndProjectSection
EndProject
Project("{8BC9CEB8-8B4A-11D0-8D11-00A0C91BC942}") = "gen_opencv_objc_source_osx", "gen_opencv_objc_source_osx.vcxproj", "{DA0FBB59-2F4C-34F3-81DF-87CF0D66574A}"
	ProjectSection(ProjectDependencies) = postProject
		{36361299-603D-3D8B-836A-4ECBB0E38EE5} = {36361299-603D-3D8B-836A-4ECBB0E38EE5}
	EndProjectSection
EndProject
Global
	GlobalSection(SolutionConfigurationPlatforms) = preSolution
		Debug|x64 = Debug|x64
		Release|x64 = Release|x64
	EndGlobalSection
	GlobalSection(ProjectConfigurationPlatforms) = postSolution
		{21A0A551-3BFE-3474-AD3F-8F7DD0F703CB}.Debug|x64.ActiveCfg = Debug|x64
		{21A0A551-3BFE-3474-AD3F-8F7DD0F703CB}.Debug|x64.Build.0 = Debug|x64
		{21A0A551-3BFE-3474-AD3F-8F7DD0F703CB}.Release|x64.ActiveCfg = Release|x64
		{21A0A551-3BFE-3474-AD3F-8F7DD0F703CB}.Release|x64.Build.0 = Release|x64
		{AB0F1B3C-10CF-3D76-9B25-6959D27DA8A4}.Debug|x64.ActiveCfg = Debug|x64
		{AB0F1B3C-10CF-3D76-9B25-6959D27DA8A4}.Release|x64.ActiveCfg = Release|x64
		{6F278818-384A-31CE-BD32-DFBE425096AC}.Debug|x64.ActiveCfg = Debug|x64
		{6F278818-384A-31CE-BD32-DFBE425096AC}.Release|x64.ActiveCfg = Release|x64
		{CD20414C-3AFD-3D86-86E6-95510DB3EE15}.Debug|x64.ActiveCfg = Debug|x64
		{CD20414C-3AFD-3D86-86E6-95510DB3EE15}.Release|x64.ActiveCfg = Release|x64
		{36361299-603D-3D8B-836A-4ECBB0E38EE5}.Debug|x64.ActiveCfg = Debug|x64
		{36361299-603D-3D8B-836A-4ECBB0E38EE5}.Debug|x64.Build.0 = Debug|x64
		{36361299-603D-3D8B-836A-4ECBB0E38EE5}.Release|x64.ActiveCfg = Release|x64
		{36361299-603D-3D8B-836A-4ECBB0E38EE5}.Release|x64.Build.0 = Release|x64
		{513CC92E-29ED-3B95-8D0E-22FFDB62B6CC}.Debug|x64.ActiveCfg = Debug|x64
		{513CC92E-29ED-3B95-8D0E-22FFDB62B6CC}.Release|x64.ActiveCfg = Release|x64
		{6CE2F294-0693-3592-AF00-6796A03E0374}.Debug|x64.ActiveCfg = Debug|x64
		{6CE2F294-0693-3592-AF00-6796A03E0374}.Debug|x64.Build.0 = Debug|x64
		{6CE2F294-0693-3592-AF00-6796A03E0374}.Release|x64.ActiveCfg = Release|x64
		{6CE2F294-0693-3592-AF00-6796A03E0374}.Release|x64.Build.0 = Release|x64
		{DA0FBB59-2F4C-34F3-81DF-87CF0D66574A}.Debug|x64.ActiveCfg = Debug|x64
		{DA0FBB59-2F4C-34F3-81DF-87CF0D66574A}.Debug|x64.Build.0 = Debug|x64
		{DA0FBB59-2F4C-34F3-81DF-87CF0D66574A}.Release|x64.ActiveCfg = Release|x64
		{DA0FBB59-2F4C-34F3-81DF-87CF0D66574A}.Release|x64.Build.0 = Release|x64
	EndGlobalSection
	GlobalSection(NestedProjects) = preSolution
		{21A0A551-3BFE-3474-AD3F-8F7DD0F703CB} = {912FF956-3AA9-3316-916F-855DFB3E7141}
		{AB0F1B3C-10CF-3D76-9B25-6959D27DA8A4} = {912FF956-3AA9-3316-916F-855DFB3E7141}
		{6F278818-384A-31CE-BD32-DFBE425096AC} = {912FF956-3AA9-3316-916F-855DFB3E7141}
		{CD20414C-3AFD-3D86-86E6-95510DB3EE15} = {912FF956-3AA9-3316-916F-855DFB3E7141}
		{36361299-603D-3D8B-836A-4ECBB0E38EE5} = {912FF956-3AA9-3316-916F-855DFB3E7141}
	EndGlobalSection
	GlobalSection(ExtensibilityGlobals) = postSolution
		SolutionGuid = {7FBF0802-414C-3B67-B51B-E405760A47C3}
	EndGlobalSection
	GlobalSection(ExtensibilityAddIns) = postSolution
	EndGlobalSection
EndGlobal
