<?xml version="1.0" encoding="utf-8"?>
<Project ToolsVersion="16.0" xmlns="http://schemas.microsoft.com/developer/msbuild/2003">
  <ItemGroup>
    <ClCompile Include="E:\voy\102\third\opencv\opencv-4.8.0_build_vs2019_x64\modules\fuzzy\CMakeFiles\opencv_fuzzy.dir\cmake_pch.cxx">
      <Filter>Source Files</Filter>
    </ClCompile>
    <ClCompile Include="E:\voy\102\third\opencv\opencv_contrib-4.8.0\modules\fuzzy\src\fuzzy_F0_math.cpp">
      <Filter>Src</Filter>
    </ClCompile>
    <ClCompile Include="E:\voy\102\third\opencv\opencv_contrib-4.8.0\modules\fuzzy\src\fuzzy_F1_math.cpp">
      <Filter>Src</Filter>
    </ClCompile>
    <ClCompile Include="E:\voy\102\third\opencv\opencv_contrib-4.8.0\modules\fuzzy\src\fuzzy_image.cpp">
      <Filter>Src</Filter>
    </ClCompile>
  </ItemGroup>
  <ItemGroup>
    <ClInclude Include="E:\voy\102\third\opencv\opencv_contrib-4.8.0\modules\fuzzy\include\opencv2\fuzzy.hpp">
      <Filter>Include\opencv2</Filter>
    </ClInclude>
    <ClInclude Include="E:\voy\102\third\opencv\opencv_contrib-4.8.0\modules\fuzzy\include\opencv2\fuzzy\fuzzy_F0_math.hpp">
      <Filter>Include\opencv2\fuzzy</Filter>
    </ClInclude>
    <ClInclude Include="E:\voy\102\third\opencv\opencv_contrib-4.8.0\modules\fuzzy\include\opencv2\fuzzy\fuzzy_F1_math.hpp">
      <Filter>Include\opencv2\fuzzy</Filter>
    </ClInclude>
    <ClInclude Include="E:\voy\102\third\opencv\opencv_contrib-4.8.0\modules\fuzzy\include\opencv2\fuzzy\fuzzy_image.hpp">
      <Filter>Include\opencv2\fuzzy</Filter>
    </ClInclude>
    <ClInclude Include="E:\voy\102\third\opencv\opencv_contrib-4.8.0\modules\fuzzy\include\opencv2\fuzzy\types.hpp">
      <Filter>Include\opencv2\fuzzy</Filter>
    </ClInclude>
    <ClInclude Include="E:\voy\102\third\opencv\opencv_contrib-4.8.0\modules\fuzzy\src\precomp.hpp">
      <Filter>Src</Filter>
    </ClInclude>
    <ClInclude Include="E:\voy\102\third\opencv\opencv-4.8.0_build_vs2019_x64\cvconfig.h">
      <Filter>Include</Filter>
    </ClInclude>
    <ClInclude Include="E:\voy\102\third\opencv\opencv-4.8.0_build_vs2019_x64\opencv2\opencv_modules.hpp">
      <Filter>Include</Filter>
    </ClInclude>
    <ClInclude Include="E:\voy\102\third\opencv\opencv-4.8.0_build_vs2019_x64\modules\fuzzy\CMakeFiles\opencv_fuzzy.dir\Debug\cmake_pch.hxx">
      <Filter>Precompile Header File</Filter>
    </ClInclude>
    <ClInclude Include="E:\voy\102\third\opencv\opencv-4.8.0_build_vs2019_x64\modules\fuzzy\CMakeFiles\opencv_fuzzy.dir\Release\cmake_pch.hxx">
      <Filter>Precompile Header File</Filter>
    </ClInclude>
  </ItemGroup>
  <ItemGroup>
    <CustomBuild Include="E:\voy\102\third\opencv\opencv_contrib-4.8.0\modules\fuzzy\CMakeLists.txt" />
  </ItemGroup>
  <ItemGroup>
    <Filter Include="Include">
      <UniqueIdentifier>{56B8FA6A-FDC6-38A6-B443-ADA22C1A1BD9}</UniqueIdentifier>
    </Filter>
    <Filter Include="Include\opencv2">
      <UniqueIdentifier>{3301C0D8-1086-3149-A6A1-C9CEBA081463}</UniqueIdentifier>
    </Filter>
    <Filter Include="Include\opencv2\fuzzy">
      <UniqueIdentifier>{CC821CD4-BC14-3C5A-8FE3-1D157B7207E3}</UniqueIdentifier>
    </Filter>
    <Filter Include="Precompile Header File">
      <UniqueIdentifier>{08665AB5-23AE-3A7D-9737-6B750F92B0A0}</UniqueIdentifier>
    </Filter>
    <Filter Include="Source Files">
      <UniqueIdentifier>{DC38E083-AEF5-336F-A9F5-0C5A77177B9C}</UniqueIdentifier>
    </Filter>
    <Filter Include="Src">
      <UniqueIdentifier>{D8E81CE3-C816-35CB-8C95-AF189B4BCF82}</UniqueIdentifier>
    </Filter>
  </ItemGroup>
</Project>
