<?xml version="1.0" encoding="utf-8"?>
<Project ToolsVersion="16.0" xmlns="http://schemas.microsoft.com/developer/msbuild/2003">
  <ItemGroup>
    <ClCompile Include="E:\voy\102\third\opencv\opencv-4.8.0_build_vs2019_x64\modules\flann\CMakeFiles\opencv_flann.dir\cmake_pch.cxx">
      <Filter>Source Files</Filter>
    </ClCompile>
    <ClCompile Include="E:\voy\102\third\opencv\opencv-4.8.0\modules\flann\src\flann.cpp">
      <Filter>Src</Filter>
    </ClCompile>
    <ClCompile Include="E:\voy\102\third\opencv\opencv-4.8.0\modules\flann\src\miniflann.cpp">
      <Filter>Src</Filter>
    </ClCompile>
  </ItemGroup>
  <ItemGroup>
    <ClInclude Include="E:\voy\102\third\opencv\opencv-4.8.0\modules\flann\include\opencv2\flann.hpp">
      <Filter>Include\opencv2</Filter>
    </ClInclude>
    <ClInclude Include="E:\voy\102\third\opencv\opencv-4.8.0\modules\flann\include\opencv2\flann\all_indices.h">
      <Filter>Include\opencv2\flann</Filter>
    </ClInclude>
    <ClInclude Include="E:\voy\102\third\opencv\opencv-4.8.0\modules\flann\include\opencv2\flann\allocator.h">
      <Filter>Include\opencv2\flann</Filter>
    </ClInclude>
    <ClInclude Include="E:\voy\102\third\opencv\opencv-4.8.0\modules\flann\include\opencv2\flann\any.h">
      <Filter>Include\opencv2\flann</Filter>
    </ClInclude>
    <ClInclude Include="E:\voy\102\third\opencv\opencv-4.8.0\modules\flann\include\opencv2\flann\autotuned_index.h">
      <Filter>Include\opencv2\flann</Filter>
    </ClInclude>
    <ClInclude Include="E:\voy\102\third\opencv\opencv-4.8.0\modules\flann\include\opencv2\flann\composite_index.h">
      <Filter>Include\opencv2\flann</Filter>
    </ClInclude>
    <ClInclude Include="E:\voy\102\third\opencv\opencv-4.8.0\modules\flann\include\opencv2\flann\config.h">
      <Filter>Include\opencv2\flann</Filter>
    </ClInclude>
    <ClInclude Include="E:\voy\102\third\opencv\opencv-4.8.0\modules\flann\include\opencv2\flann\defines.h">
      <Filter>Include\opencv2\flann</Filter>
    </ClInclude>
    <ClInclude Include="E:\voy\102\third\opencv\opencv-4.8.0\modules\flann\include\opencv2\flann\dist.h">
      <Filter>Include\opencv2\flann</Filter>
    </ClInclude>
    <ClInclude Include="E:\voy\102\third\opencv\opencv-4.8.0\modules\flann\include\opencv2\flann\dummy.h">
      <Filter>Include\opencv2\flann</Filter>
    </ClInclude>
    <ClInclude Include="E:\voy\102\third\opencv\opencv-4.8.0\modules\flann\include\opencv2\flann\dynamic_bitset.h">
      <Filter>Include\opencv2\flann</Filter>
    </ClInclude>
    <ClInclude Include="E:\voy\102\third\opencv\opencv-4.8.0\modules\flann\include\opencv2\flann\flann.hpp">
      <Filter>Include\opencv2\flann</Filter>
    </ClInclude>
    <ClInclude Include="E:\voy\102\third\opencv\opencv-4.8.0\modules\flann\include\opencv2\flann\flann_base.hpp">
      <Filter>Include\opencv2\flann</Filter>
    </ClInclude>
    <ClInclude Include="E:\voy\102\third\opencv\opencv-4.8.0\modules\flann\include\opencv2\flann\general.h">
      <Filter>Include\opencv2\flann</Filter>
    </ClInclude>
    <ClInclude Include="E:\voy\102\third\opencv\opencv-4.8.0\modules\flann\include\opencv2\flann\ground_truth.h">
      <Filter>Include\opencv2\flann</Filter>
    </ClInclude>
    <ClInclude Include="E:\voy\102\third\opencv\opencv-4.8.0\modules\flann\include\opencv2\flann\hdf5.h">
      <Filter>Include\opencv2\flann</Filter>
    </ClInclude>
    <ClInclude Include="E:\voy\102\third\opencv\opencv-4.8.0\modules\flann\include\opencv2\flann\heap.h">
      <Filter>Include\opencv2\flann</Filter>
    </ClInclude>
    <ClInclude Include="E:\voy\102\third\opencv\opencv-4.8.0\modules\flann\include\opencv2\flann\hierarchical_clustering_index.h">
      <Filter>Include\opencv2\flann</Filter>
    </ClInclude>
    <ClInclude Include="E:\voy\102\third\opencv\opencv-4.8.0\modules\flann\include\opencv2\flann\index_testing.h">
      <Filter>Include\opencv2\flann</Filter>
    </ClInclude>
    <ClInclude Include="E:\voy\102\third\opencv\opencv-4.8.0\modules\flann\include\opencv2\flann\kdtree_index.h">
      <Filter>Include\opencv2\flann</Filter>
    </ClInclude>
    <ClInclude Include="E:\voy\102\third\opencv\opencv-4.8.0\modules\flann\include\opencv2\flann\kdtree_single_index.h">
      <Filter>Include\opencv2\flann</Filter>
    </ClInclude>
    <ClInclude Include="E:\voy\102\third\opencv\opencv-4.8.0\modules\flann\include\opencv2\flann\kmeans_index.h">
      <Filter>Include\opencv2\flann</Filter>
    </ClInclude>
    <ClInclude Include="E:\voy\102\third\opencv\opencv-4.8.0\modules\flann\include\opencv2\flann\linear_index.h">
      <Filter>Include\opencv2\flann</Filter>
    </ClInclude>
    <ClInclude Include="E:\voy\102\third\opencv\opencv-4.8.0\modules\flann\include\opencv2\flann\logger.h">
      <Filter>Include\opencv2\flann</Filter>
    </ClInclude>
    <ClInclude Include="E:\voy\102\third\opencv\opencv-4.8.0\modules\flann\include\opencv2\flann\lsh_index.h">
      <Filter>Include\opencv2\flann</Filter>
    </ClInclude>
    <ClInclude Include="E:\voy\102\third\opencv\opencv-4.8.0\modules\flann\include\opencv2\flann\lsh_table.h">
      <Filter>Include\opencv2\flann</Filter>
    </ClInclude>
    <ClInclude Include="E:\voy\102\third\opencv\opencv-4.8.0\modules\flann\include\opencv2\flann\matrix.h">
      <Filter>Include\opencv2\flann</Filter>
    </ClInclude>
    <ClInclude Include="E:\voy\102\third\opencv\opencv-4.8.0\modules\flann\include\opencv2\flann\miniflann.hpp">
      <Filter>Include\opencv2\flann</Filter>
    </ClInclude>
    <ClInclude Include="E:\voy\102\third\opencv\opencv-4.8.0\modules\flann\include\opencv2\flann\nn_index.h">
      <Filter>Include\opencv2\flann</Filter>
    </ClInclude>
    <ClInclude Include="E:\voy\102\third\opencv\opencv-4.8.0\modules\flann\include\opencv2\flann\object_factory.h">
      <Filter>Include\opencv2\flann</Filter>
    </ClInclude>
    <ClInclude Include="E:\voy\102\third\opencv\opencv-4.8.0\modules\flann\include\opencv2\flann\params.h">
      <Filter>Include\opencv2\flann</Filter>
    </ClInclude>
    <ClInclude Include="E:\voy\102\third\opencv\opencv-4.8.0\modules\flann\include\opencv2\flann\random.h">
      <Filter>Include\opencv2\flann</Filter>
    </ClInclude>
    <ClInclude Include="E:\voy\102\third\opencv\opencv-4.8.0\modules\flann\include\opencv2\flann\result_set.h">
      <Filter>Include\opencv2\flann</Filter>
    </ClInclude>
    <ClInclude Include="E:\voy\102\third\opencv\opencv-4.8.0\modules\flann\include\opencv2\flann\sampling.h">
      <Filter>Include\opencv2\flann</Filter>
    </ClInclude>
    <ClInclude Include="E:\voy\102\third\opencv\opencv-4.8.0\modules\flann\include\opencv2\flann\saving.h">
      <Filter>Include\opencv2\flann</Filter>
    </ClInclude>
    <ClInclude Include="E:\voy\102\third\opencv\opencv-4.8.0\modules\flann\include\opencv2\flann\simplex_downhill.h">
      <Filter>Include\opencv2\flann</Filter>
    </ClInclude>
    <ClInclude Include="E:\voy\102\third\opencv\opencv-4.8.0\modules\flann\include\opencv2\flann\timer.h">
      <Filter>Include\opencv2\flann</Filter>
    </ClInclude>
    <ClInclude Include="E:\voy\102\third\opencv\opencv-4.8.0\modules\flann\src\precomp.hpp">
      <Filter>Src</Filter>
    </ClInclude>
    <ClInclude Include="E:\voy\102\third\opencv\opencv-4.8.0_build_vs2019_x64\cvconfig.h">
      <Filter>Include</Filter>
    </ClInclude>
    <ClInclude Include="E:\voy\102\third\opencv\opencv-4.8.0_build_vs2019_x64\opencv2\opencv_modules.hpp">
      <Filter>Include</Filter>
    </ClInclude>
    <ClInclude Include="E:\voy\102\third\opencv\opencv-4.8.0_build_vs2019_x64\modules\flann\CMakeFiles\opencv_flann.dir\Debug\cmake_pch.hxx">
      <Filter>Precompile Header File</Filter>
    </ClInclude>
    <ClInclude Include="E:\voy\102\third\opencv\opencv-4.8.0_build_vs2019_x64\modules\flann\CMakeFiles\opencv_flann.dir\Release\cmake_pch.hxx">
      <Filter>Precompile Header File</Filter>
    </ClInclude>
  </ItemGroup>
  <ItemGroup>
    <CustomBuild Include="E:\voy\102\third\opencv\opencv-4.8.0\modules\flann\CMakeLists.txt" />
  </ItemGroup>
  <ItemGroup>
    <Filter Include="Include">
      <UniqueIdentifier>{56B8FA6A-FDC6-38A6-B443-ADA22C1A1BD9}</UniqueIdentifier>
    </Filter>
    <Filter Include="Include\opencv2">
      <UniqueIdentifier>{3301C0D8-1086-3149-A6A1-C9CEBA081463}</UniqueIdentifier>
    </Filter>
    <Filter Include="Include\opencv2\flann">
      <UniqueIdentifier>{988255AA-DB8A-333C-8C08-FB1BEE88A86A}</UniqueIdentifier>
    </Filter>
    <Filter Include="Precompile Header File">
      <UniqueIdentifier>{08665AB5-23AE-3A7D-9737-6B750F92B0A0}</UniqueIdentifier>
    </Filter>
    <Filter Include="Source Files">
      <UniqueIdentifier>{DC38E083-AEF5-336F-A9F5-0C5A77177B9C}</UniqueIdentifier>
    </Filter>
    <Filter Include="Src">
      <UniqueIdentifier>{D8E81CE3-C816-35CB-8C95-AF189B4BCF82}</UniqueIdentifier>
    </Filter>
  </ItemGroup>
</Project>
